// !$*UTF8*$!
{
	archiveVersion = 1;
	classes = {
	};
	objectVersion = 55;
	objects = {

/* Begin PBXBuildFile section */
		2627E5609B367D5CFA029703 /* Pods_FutureMind_tests.framework in Frameworks */ = {isa = PBXBuildFile; fileRef = E3601DB8812A7843F954CC1D /* Pods_FutureMind_tests.framework */; };
		E33DC15F28416A4000E12E8A /* NetworkSession.swift in Sources */ = {isa = PBXBuildFile; fileRef = E33DC15E28416A4000E12E8A /* NetworkSession.swift */; };
		E33DC16128416A7000E12E8A /* ApiRequests.swift in Sources */ = {isa = PBXBuildFile; fileRef = E33DC16028416A7000E12E8A /* ApiRequests.swift */; };
		E33DC16328416C7800E12E8A /* DataModel.swift in Sources */ = {isa = PBXBuildFile; fileRef = E33DC16228416C7800E12E8A /* DataModel.swift */; };
		E33DC16628417FA200E12E8A /* DataCell.swift in Sources */ = {isa = PBXBuildFile; fileRef = E33DC16528417FA200E12E8A /* DataCell.swift */; };
		E33DC16828418EE400E12E8A /* RealmService.swift in Sources */ = {isa = PBXBuildFile; fileRef = E33DC16728418EE400E12E8A /* RealmService.swift */; };
		E33DC16D28422DEB00E12E8A /* DetailViewController.swift in Sources */ = {isa = PBXBuildFile; fileRef = E33DC16C28422DEB00E12E8A /* DetailViewController.swift */; };
		E352B1D62841486E0095C6F6 /* AppDelegate.swift in Sources */ = {isa = PBXBuildFile; fileRef = E352B1D52841486E0095C6F6 /* AppDelegate.swift */; };
		E352B1D82841486E0095C6F6 /* SceneDelegate.swift in Sources */ = {isa = PBXBuildFile; fileRef = E352B1D72841486E0095C6F6 /* SceneDelegate.swift */; };
		E352B1DA2841486E0095C6F6 /* ViewController.swift in Sources */ = {isa = PBXBuildFile; fileRef = E352B1D92841486E0095C6F6 /* ViewController.swift */; };
		E352B1DD2841486E0095C6F6 /* Main.storyboard in Resources */ = {isa = PBXBuildFile; fileRef = E352B1DB2841486E0095C6F6 /* Main.storyboard */; };
		E352B1DF2841486F0095C6F6 /* Assets.xcassets in Resources */ = {isa = PBXBuildFile; fileRef = E352B1DE2841486F0095C6F6 /* Assets.xcassets */; };
		E352B1E22841486F0095C6F6 /* LaunchScreen.storyboard in Resources */ = {isa = PBXBuildFile; fileRef = E352B1E02841486F0095C6F6 /* LaunchScreen.storyboard */; };
/* End PBXBuildFile section */

/* Begin PBXFileReference section */
		5298BDB84041B7ADE2245555 /* Pods-FutureMind.tests.debug.xcconfig */ = {isa = PBXFileReference; includeInIndex = 1; lastKnownFileType = text.xcconfig; name = "Pods-FutureMind.tests.debug.xcconfig"; path = "Target Support Files/Pods-FutureMind.tests/Pods-FutureMind.tests.debug.xcconfig"; sourceTree = "<group>"; };
		C1FB87C599393F3A029DAD9A /* Pods-FutureMind.tests.release.xcconfig */ = {isa = PBXFileReference; includeInIndex = 1; lastKnownFileType = text.xcconfig; name = "Pods-FutureMind.tests.release.xcconfig"; path = "Target Support Files/Pods-FutureMind.tests/Pods-FutureMind.tests.release.xcconfig"; sourceTree = "<group>"; };
		E33DC15E28416A4000E12E8A /* NetworkSession.swift */ = {isa = PBXFileReference; lastKnownFileType = sourcecode.swift; path = NetworkSession.swift; sourceTree = "<group>"; };
		E33DC16028416A7000E12E8A /* ApiRequests.swift */ = {isa = PBXFileReference; lastKnownFileType = sourcecode.swift; path = ApiRequests.swift; sourceTree = "<group>"; };
		E33DC16228416C7800E12E8A /* DataModel.swift */ = {isa = PBXFileReference; lastKnownFileType = sourcecode.swift; path = DataModel.swift; sourceTree = "<group>"; };
		E33DC16528417FA200E12E8A /* DataCell.swift */ = {isa = PBXFileReference; lastKnownFileType = sourcecode.swift; path = DataCell.swift; sourceTree = "<group>"; };
		E33DC16728418EE400E12E8A /* RealmService.swift */ = {isa = PBXFileReference; lastKnownFileType = sourcecode.swift; path = RealmService.swift; sourceTree = "<group>"; };
		E33DC16C28422DEB00E12E8A /* DetailViewController.swift */ = {isa = PBXFileReference; lastKnownFileType = sourcecode.swift; path = DetailViewController.swift; sourceTree = "<group>"; };
		E352B1D22841486E0095C6F6 /* FutureMind.tests.app */ = {isa = PBXFileReference; explicitFileType = wrapper.application; includeInIndex = 0; path = FutureMind.tests.app; sourceTree = BUILT_PRODUCTS_DIR; };
		E352B1D52841486E0095C6F6 /* AppDelegate.swift */ = {isa = PBXFileReference; lastKnownFileType = sourcecode.swift; path = AppDelegate.swift; sourceTree = "<group>"; };
		E352B1D72841486E0095C6F6 /* SceneDelegate.swift */ = {isa = PBXFileReference; lastKnownFileType = sourcecode.swift; path = SceneDelegate.swift; sourceTree = "<group>"; };
		E352B1D92841486E0095C6F6 /* ViewController.swift */ = {isa = PBXFileReference; lastKnownFileType = sourcecode.swift; path = ViewController.swift; sourceTree = "<group>"; };
		E352B1DC2841486E0095C6F6 /* Base */ = {isa = PBXFileReference; lastKnownFileType = file.storyboard; name = Base; path = Base.lproj/Main.storyboard; sourceTree = "<group>"; };
		E352B1DE2841486F0095C6F6 /* Assets.xcassets */ = {isa = PBXFileReference; lastKnownFileType = folder.assetcatalog; path = Assets.xcassets; sourceTree = "<group>"; };
		E352B1E12841486F0095C6F6 /* Base */ = {isa = PBXFileReference; lastKnownFileType = file.storyboard; name = Base; path = Base.lproj/LaunchScreen.storyboard; sourceTree = "<group>"; };
		E352B1E32841486F0095C6F6 /* Info.plist */ = {isa = PBXFileReference; lastKnownFileType = text.plist.xml; path = Info.plist; sourceTree = "<group>"; };
		E3601DB8812A7843F954CC1D /* Pods_FutureMind_tests.framework */ = {isa = PBXFileReference; explicitFileType = wrapper.framework; includeInIndex = 0; path = Pods_FutureMind_tests.framework; sourceTree = BUILT_PRODUCTS_DIR; };
/* End PBXFileReference section */

/* Begin PBXFrameworksBuildPhase section */
		E352B1CF2841486E0095C6F6 /* Frameworks */ = {
			isa = PBXFrameworksBuildPhase;
			buildActionMask = 2147483647;
			files = (
				2627E5609B367D5CFA029703 /* Pods_FutureMind_tests.framework in Frameworks */,
			);
			runOnlyForDeploymentPostprocessing = 0;
		};
/* End PBXFrameworksBuildPhase section */

/* Begin PBXGroup section */
		ADCDB8060C20D465A71DA127 /* Pods */ = {
			isa = PBXGroup;
			children = (
				5298BDB84041B7ADE2245555 /* Pods-FutureMind.tests.debug.xcconfig */,
				C1FB87C599393F3A029DAD9A /* Pods-FutureMind.tests.release.xcconfig */,
			);
			path = Pods;
			sourceTree = "<group>";
		};
		E33DC15A284168CD00E12E8A /* System */ = {
			isa = PBXGroup;
			children = (
				E352B1D52841486E0095C6F6 /* AppDelegate.swift */,
				E352B1D72841486E0095C6F6 /* SceneDelegate.swift */,
			);
			path = System;
			sourceTree = "<group>";
		};
		E33DC15B284169A500E12E8A /* Network */ = {
			isa = PBXGroup;
			children = (
				E33DC15E28416A4000E12E8A /* NetworkSession.swift */,
				E33DC16028416A7000E12E8A /* ApiRequests.swift */,
				E33DC16728418EE400E12E8A /* RealmService.swift */,
			);
			path = Network;
			sourceTree = "<group>";
		};
		E33DC15D284169BA00E12E8A /* Models */ = {
			isa = PBXGroup;
			children = (
				E33DC16228416C7800E12E8A /* DataModel.swift */,
			);
			path = Models;
			sourceTree = "<group>";
		};
		E33DC16428417F9200E12E8A /* Cell */ = {
			isa = PBXGroup;
			children = (
				E33DC16528417FA200E12E8A /* DataCell.swift */,
			);
			path = Cell;
			sourceTree = "<group>";
		};
		E33DC16928422D6000E12E8A /* Controllers */ = {
			isa = PBXGroup;
			children = (
				E352B1D92841486E0095C6F6 /* ViewController.swift */,
				E33DC16C28422DEB00E12E8A /* DetailViewController.swift */,
			);
			path = Controllers;
			sourceTree = "<group>";
		};
		E352B1C92841486E0095C6F6 = {
			isa = PBXGroup;
			children = (
				E352B1D42841486E0095C6F6 /* FutureMind.tests */,
				E352B1D32841486E0095C6F6 /* Products */,
				ADCDB8060C20D465A71DA127 /* Pods */,
				F3A80F56EC1D6F5608284524 /* Frameworks */,
			);
			sourceTree = "<group>";
		};
		E352B1D32841486E0095C6F6 /* Products */ = {
			isa = PBXGroup;
			children = (
				E352B1D22841486E0095C6F6 /* FutureMind.tests.app */,
			);
			name = Products;
			sourceTree = "<group>";
		};
		E352B1D42841486E0095C6F6 /* FutureMind.tests */ = {
			isa = PBXGroup;
			children = (
				E33DC16928422D6000E12E8A /* Controllers */,
				E33DC16428417F9200E12E8A /* Cell */,
				E33DC15D284169BA00E12E8A /* Models */,
				E33DC15B284169A500E12E8A /* Network */,
				E33DC15A284168CD00E12E8A /* System */,
				E352B1DB2841486E0095C6F6 /* Main.storyboard */,
				E352B1DE2841486F0095C6F6 /* Assets.xcassets */,
				E352B1E02841486F0095C6F6 /* LaunchScreen.storyboard */,
				E352B1E32841486F0095C6F6 /* Info.plist */,
			);
			path = FutureMind.tests;
			sourceTree = "<group>";
		};
		F3A80F56EC1D6F5608284524 /* Frameworks */ = {
			isa = PBXGroup;
			children = (
				E3601DB8812A7843F954CC1D /* Pods_FutureMind_tests.framework */,
			);
			name = Frameworks;
			sourceTree = "<group>";
		};
/* End PBXGroup section */

/* Begin PBXNativeTarget section */
		E352B1D12841486E0095C6F6 /* FutureMind.tests */ = {
			isa = PBXNativeTarget;
			buildConfigurationList = E352B1E62841486F0095C6F6 /* Build configuration list for PBXNativeTarget "FutureMind.tests" */;
			buildPhases = (
				D0622E20AB8EAC70C5C7BE49 /* [CP] Check Pods Manifest.lock */,
				E352B1CE2841486E0095C6F6 /* Sources */,
				E352B1CF2841486E0095C6F6 /* Frameworks */,
				E352B1D02841486E0095C6F6 /* Resources */,
				C7C9ABBF6F2235427118D5FB /* [CP] Embed Pods Frameworks */,
			);
			buildRules = (
			);
			dependencies = (
			);
			name = FutureMind.tests;
			productName = FutureMind.tests;
			productReference = E352B1D22841486E0095C6F6 /* FutureMind.tests.app */;
			productType = "com.apple.product-type.application";
		};
/* End PBXNativeTarget section */

/* Begin PBXProject section */
		E352B1CA2841486E0095C6F6 /* Project object */ = {
			isa = PBXProject;
			attributes = {
				BuildIndependentTargetsInParallel = 1;
				LastSwiftUpdateCheck = 1340;
				LastUpgradeCheck = 1340;
				TargetAttributes = {
					E352B1D12841486E0095C6F6 = {
						CreatedOnToolsVersion = 13.4;
					};
				};
			};
			buildConfigurationList = E352B1CD2841486E0095C6F6 /* Build configuration list for PBXProject "FutureMind.tests" */;
			compatibilityVersion = "Xcode 13.0";
			developmentRegion = en;
			hasScannedForEncodings = 0;
			knownRegions = (
				en,
				Base,
			);
			mainGroup = E352B1C92841486E0095C6F6;
			productRefGroup = E352B1D32841486E0095C6F6 /* Products */;
			projectDirPath = "";
			projectRoot = "";
			targets = (
				E352B1D12841486E0095C6F6 /* FutureMind.tests */,
			);
		};
/* End PBXProject section */

/* Begin PBXResourcesBuildPhase section */
		E352B1D02841486E0095C6F6 /* Resources */ = {
			isa = PBXResourcesBuildPhase;
			buildActionMask = 2147483647;
			files = (
				E352B1E22841486F0095C6F6 /* LaunchScreen.storyboard in Resources */,
				E352B1DF2841486F0095C6F6 /* Assets.xcassets in Resources */,
				E352B1DD2841486E0095C6F6 /* Main.storyboard in Resources */,
			);
			runOnlyForDeploymentPostprocessing = 0;
		};
/* End PBXResourcesBuildPhase section */

/* Begin PBXShellScriptBuildPhase section */
		C7C9ABBF6F2235427118D5FB /* [CP] Embed Pods Frameworks */ = {
			isa = PBXShellScriptBuildPhase;
			buildActionMask = 2147483647;
			files = (
			);
			inputFileListPaths = (
				"${PODS_ROOT}/Target Support Files/Pods-FutureMind.tests/Pods-FutureMind.tests-frameworks-${CONFIGURATION}-input-files.xcfilelist",
			);
			name = "[CP] Embed Pods Frameworks";
			outputFileListPaths = (
				"${PODS_ROOT}/Target Support Files/Pods-FutureMind.tests/Pods-FutureMind.tests-frameworks-${CONFIGURATION}-output-files.xcfilelist",
			);
			runOnlyForDeploymentPostprocessing = 0;
			shellPath = /bin/sh;
			shellScript = "\"${PODS_ROOT}/Target Support Files/Pods-FutureMind.tests/Pods-FutureMind.tests-frameworks.sh\"\n";
			showEnvVarsInLog = 0;
		};
		D0622E20AB8EAC70C5C7BE49 /* [CP] Check Pods Manifest.lock */ = {
			isa = PBXShellScriptBuildPhase;
			buildActionMask = 2147483647;
			files = (
			);
			inputFileListPaths = (
			);
			inputPaths = (
				"${PODS_PODFILE_DIR_PATH}/Podfile.lock",
				"${PODS_ROOT}/Manifest.lock",
			);
			name = "[CP] Check Pods Manifest.lock";
			outputFileListPaths = (
			);
			outputPaths = (
				"$(DERIVED_FILE_DIR)/Pods-FutureMind.tests-checkManifestLockResult.txt",
			);
			runOnlyForDeploymentPostprocessing = 0;
			shellPath = /bin/sh;
			shellScript = "diff \"${PODS_PODFILE_DIR_PATH}/Podfile.lock\" \"${PODS_ROOT}/Manifest.lock\" > /dev/null\nif [ $? != 0 ] ; then\n    # print error to STDERR\n    echo \"error: The sandbox is not in sync with the Podfile.lock. Run 'pod install' or update your CocoaPods installation.\" >&2\n    exit 1\nfi\n# This output is used by Xcode 'outputs' to avoid re-running this script phase.\necho \"SUCCESS\" > \"${SCRIPT_OUTPUT_FILE_0}\"\n";
			showEnvVarsInLog = 0;
		};
/* End PBXShellScriptBuildPhase section */

/* Begin PBXSourcesBuildPhase section */
		E352B1CE2841486E0095C6F6 /* Sources */ = {
			isa = PBXSourcesBuildPhase;
			buildActionMask = 2147483647;
			files = (
				E33DC16D28422DEB00E12E8A /* DetailViewController.swift in Sources */,
				E352B1DA2841486E0095C6F6 /* ViewController.swift in Sources */,
				E33DC15F28416A4000E12E8A /* NetworkSession.swift in Sources */,
				E33DC16128416A7000E12E8A /* ApiRequests.swift in Sources */,
				E33DC16628417FA200E12E8A /* DataCell.swift in Sources */,
				E352B1D62841486E0095C6F6 /* AppDelegate.swift in Sources */,
				E352B1D82841486E0095C6F6 /* SceneDelegate.swift in Sources */,
				E33DC16328416C7800E12E8A /* DataModel.swift in Sources */,
				E33DC16828418EE400E12E8A /* RealmService.swift in Sources */,
			);
			runOnlyForDeploymentPostprocessing = 0;
		};
/* End PBXSourcesBuildPhase section */

/* Begin PBXVariantGroup section */
		E352B1DB2841486E0095C6F6 /* Main.storyboard */ = {
			isa = PBXVariantGroup;
			children = (
				E352B1DC2841486E0095C6F6 /* Base */,
			);
			name = Main.storyboard;
			sourceTree = "<group>";
		};
		E352B1E02841486F0095C6F6 /* LaunchScreen.storyboard */ = {
			isa = PBXVariantGroup;
			children = (
				E352B1E12841486F0095C6F6 /* Base */,
			);
			name = LaunchScreen.storyboard;
			sourceTree = "<group>";
		};
/* End PBXVariantGroup section */

/* Begin XCBuildConfiguration section */
		E352B1E42841486F0095C6F6 /* Debug */ = {
			isa = XCBuildConfiguration;
			buildSettings = {
				ALWAYS_SEARCH_USER_PATHS = NO;
				CLANG_ANALYZER_NONNULL = YES;
				CLANG_ANALYZER_NUMBER_OBJECT_CONVERSION = YES_AGGRESSIVE;
				CLANG_CXX_LANGUAGE_STANDARD = "gnu++17";
				CLANG_ENABLE_MODULES = YES;
				CLANG_ENABLE_OBJC_ARC = YES;
				CLANG_ENABLE_OBJC_WEAK = YES;
				CLANG_WARN_BLOCK_CAPTURE_AUTORELEASING = YES;
				CLANG_WARN_BOOL_CONVERSION = YES;
				CLANG_WARN_COMMA = YES;
				CLANG_WARN_CONSTANT_CONVERSION = YES;
				CLANG_WARN_DEPRECATED_OBJC_IMPLEMENTATIONS = YES;
				CLANG_WARN_DIRECT_OBJC_ISA_USAGE = YES_ERROR;
				CLANG_WARN_DOCUMENTATION_COMMENTS = YES;
				CLANG_WARN_EMPTY_BODY = YES;
				CLANG_WARN_ENUM_CONVERSION = YES;
				CLANG_WARN_INFINITE_RECURSION = YES;
				CLANG_WARN_INT_CONVERSION = YES;
				CLANG_WARN_NON_LITERAL_NULL_CONVERSION = YES;
				CLANG_WARN_OBJC_IMPLICIT_RETAIN_SELF = YES;
				CLANG_WARN_OBJC_LITERAL_CONVERSION = YES;
				CLANG_WARN_OBJC_ROOT_CLASS = YES_ERROR;
				CLANG_WARN_QUOTED_INCLUDE_IN_FRAMEWORK_HEADER = YES;
				CLANG_WARN_RANGE_LOOP_ANALYSIS = YES;
				CLANG_WARN_STRICT_PROTOTYPES = YES;
				CLANG_WARN_SUSPICIOUS_MOVE = YES;
				CLANG_WARN_UNGUARDED_AVAILABILITY = YES_AGGRESSIVE;
				CLANG_WARN_UNREACHABLE_CODE = YES;
				CLANG_WARN__DUPLICATE_METHOD_MATCH = YES;
				COPY_PHASE_STRIP = NO;
				DEBUG_INFORMATION_FORMAT = dwarf;
				ENABLE_STRICT_OBJC_MSGSEND = YES;
				ENABLE_TESTABILITY = YES;
				GCC_C_LANGUAGE_STANDARD = gnu11;
				GCC_DYNAMIC_NO_PIC = NO;
				GCC_NO_COMMON_BLOCKS = YES;
				GCC_OPTIMIZATION_LEVEL = 0;
				GCC_PREPROCESSOR_DEFINITIONS = (
					"DEBUG=1",
					"$(inherited)",
				);
				GCC_WARN_64_TO_32_BIT_CONVERSION = YES;
				GCC_WARN_ABOUT_RETURN_TYPE = YES_ERROR;
				GCC_WARN_UNDECLARED_SELECTOR = YES;
				GCC_WARN_UNINITIALIZED_AUTOS = YES_AGGRESSIVE;
				GCC_WARN_UNUSED_FUNCTION = YES;
				GCC_WARN_UNUSED_VARIABLE = YES;
				IPHONEOS_DEPLOYMENT_TARGET = 14.0;
				MTL_ENABLE_DEBUG_INFO = INCLUDE_SOURCE;
				MTL_FAST_MATH = YES;
				ONLY_ACTIVE_ARCH = YES;
				SDKROOT = iphoneos;
				SWIFT_ACTIVE_COMPILATION_CONDITIONS = DEBUG;
				SWIFT_OPTIMIZATION_LEVEL = "-Onone";
			};
			name = Debug;
		};
		E352B1E52841486F0095C6F6 /* Release */ = {
			isa = XCBuildConfiguration;
			buildSettings = {
				ALWAYS_SEARCH_USER_PATHS = NO;
				CLANG_ANALYZER_NONNULL = YES;
				CLANG_ANALYZER_NUMBER_OBJECT_CONVERSION = YES_AGGRESSIVE;
				CLANG_CXX_LANGUAGE_STANDARD = "gnu++17";
				CLANG_ENABLE_MODULES = YES;
				CLANG_ENABLE_OBJC_ARC = YES;
				CLANG_ENABLE_OBJC_WEAK = YES;
				CLANG_WARN_BLOCK_CAPTURE_AUTORELEASING = YES;
				CLANG_WARN_BOOL_CONVERSION = YES;
				CLANG_WARN_COMMA = YES;
				CLANG_WARN_CONSTANT_CONVERSION = YES;
				CLANG_WARN_DEPRECATED_OBJC_IMPLEMENTATIONS = YES;
				CLANG_WARN_DIRECT_OBJC_ISA_USAGE = YES_ERROR;
				CLANG_WARN_DOCUMENTATION_COMMENTS = YES;
				CLANG_WARN_EMPTY_BODY = YES;
				CLANG_WARN_ENUM_CONVERSION = YES;
				CLANG_WARN_INFINITE_RECURSION = YES;
				CLANG_WARN_INT_CONVERSION = YES;
				CLANG_WARN_NON_LITERAL_NULL_CONVERSION = YES;
				CLANG_WARN_OBJC_IMPLICIT_RETAIN_SELF = YES;
				CLANG_WARN_OBJC_LITERAL_CONVERSION = YES;
				CLANG_WARN_OBJC_ROOT_CLASS = YES_ERROR;
				CLANG_WARN_QUOTED_INCLUDE_IN_FRAMEWORK_HEADER = YES;
				CLANG_WARN_RANGE_LOOP_ANALYSIS = YES;
				CLANG_WARN_STRICT_PROTOTYPES = YES;
				CLANG_WARN_SUSPICIOUS_MOVE = YES;
				CLANG_WARN_UNGUARDED_AVAILABILITY = YES_AGGRESSIVE;
				CLANG_WARN_UNREACHABLE_CODE = YES;
				CLANG_WARN__DUPLICATE_METHOD_MATCH = YES;
				COPY_PHASE_STRIP = NO;
				DEBUG_INFORMATION_FORMAT = "dwarf-with-dsym";
				ENABLE_NS_ASSERTIONS = NO;
				ENABLE_STRICT_OBJC_MSGSEND = YES;
				GCC_C_LANGUAGE_STANDARD = gnu11;
				GCC_NO_COMMON_BLOCKS = YES;
				GCC_WARN_64_TO_32_BIT_CONVERSION = YES;
				GCC_WARN_ABOUT_RETURN_TYPE = YES_ERROR;
				GCC_WARN_UNDECLARED_SELECTOR = YES;
				GCC_WARN_UNINITIALIZED_AUTOS = YES_AGGRESSIVE;
				GCC_WARN_UNUSED_FUNCTION = YES;
				GCC_WARN_UNUSED_VARIABLE = YES;
				IPHONEOS_DEPLOYMENT_TARGET = 14.0;
				MTL_ENABLE_DEBUG_INFO = NO;
				MTL_FAST_MATH = YES;
				SDKROOT = iphoneos;
				SWIFT_COMPILATION_MODE = wholemodule;
				SWIFT_OPTIMIZATION_LEVEL = "-O";
				VALIDATE_PRODUCT = YES;
			};
			name = Release;
		};
		E352B1E72841486F0095C6F6 /* Debug */ = {
			isa = XCBuildConfiguration;
			baseConfigurationReference = 5298BDB84041B7ADE2245555 /* Pods-FutureMind.tests.debug.xcconfig */;
			buildSettings = {
				ASSETCATALOG_COMPILER_APPICON_NAME = AppIcon;
				ASSETCATALOG_COMPILER_GLOBAL_ACCENT_COLOR_NAME = AccentColor;
				CODE_SIGN_STYLE = Automatic;
				CURRENT_PROJECT_VERSION = 1;
				DEVELOPMENT_TEAM = HM37P8L339;
				GENERATE_INFOPLIST_FILE = YES;
				INFOPLIST_FILE = FutureMind.tests/Info.plist;
				INFOPLIST_KEY_UIApplicationSupportsIndirectInputEvents = YES;
				INFOPLIST_KEY_UILaunchStoryboardName = LaunchScreen;
				INFOPLIST_KEY_UIMainStoryboardFile = Main;
				INFOPLIST_KEY_UISupportedInterfaceOrientations_iPad = "UIInterfaceOrientationPortrait UIInterfaceOrientationPortraitUpsideDown UIInterfaceOrientationLandscapeLeft UIInterfaceOrientationLandscapeRight";
				INFOPLIST_KEY_UISupportedInterfaceOrientations_iPhone = "UIInterfaceOrientationPortrait UIInterfaceOrientationLandscapeLeft UIInterfaceOrientationLandscapeRight";
				LD_RUNPATH_SEARCH_PATHS = (
					"$(inherited)",
					"@executable_path/Frameworks",
				);
				MARKETING_VERSION = 1.0;
				PRODUCT_BUNDLE_IDENTIFIER = "tech.hiwawa.FutureMind-tests";
				PRODUCT_NAME = "$(TARGET_NAME)";
				SWIFT_EMIT_LOC_STRINGS = YES;
				SWIFT_VERSION = 5.0;
				TARGETED_DEVICE_FAMILY = 1;
			};
			name = Debug;
		};
		E352B1E82841486F0095C6F6 /* Release */ = {
			isa = XCBuildConfiguration;
			baseConfigurationReference = C1FB87C599393F3A029DAD9A /* Pods-FutureMind.tests.release.xcconfig */;
			buildSettings = {
				ASSETCATALOG_COMPILER_APPICON_NAME = AppIcon;
				ASSETCATALOG_COMPILER_GLOBAL_ACCENT_COLOR_NAME = AccentColor;
				CODE_SIGN_STYLE = Automatic;
				CURRENT_PROJECT_VERSION = 1;
				DEVELOPMENT_TEAM = HM37P8L339;
				GENERATE_INFOPLIST_FILE = YES;
				INFOPLIST_FILE = FutureMind.tests/Info.plist;
				INFOPLIST_KEY_UIApplicationSupportsIndirectInputEvents = YES;
				INFOPLIST_KEY_UILaunchStoryboardName = LaunchScreen;
				INFOPLIST_KEY_UIMainStoryboardFile = Main;
				INFOPLIST_KEY_UISupportedInterfaceOrientations_iPad = "UIInterfaceOrientationPortrait UIInterfaceOrientationPortraitUpsideDown UIInterfaceOrientationLandscapeLeft UIInterfaceOrientationLandscapeRight";
				INFOPLIST_KEY_UISupportedInterfaceOrientations_iPhone = "UIInterfaceOrientationPortrait UIInterfaceOrientationLandscapeLeft UIInterfaceOrientationLandscapeRight";
				LD_RUNPATH_SEARCH_PATHS = (
					"$(inherited)",
					"@executable_path/Frameworks",
				);
				MARKETING_VERSION = 1.0;
				PRODUCT_BUNDLE_IDENTIFIER = "tech.hiwawa.FutureMind-tests";
				PRODUCT_NAME = "$(TARGET_NAME)";
				SWIFT_EMIT_LOC_STRINGS = YES;
				SWIFT_VERSION = 5.0;
				TARGETED_DEVICE_FAMILY = 1;
			};
			name = Release;
		};
/* End XCBuildConfiguration section */

/* Begin XCConfigurationList section */
		E352B1CD2841486E0095C6F6 /* Build configuration list for PBXProject "FutureMind.tests" */ = {
			isa = XCConfigurationList;
			buildConfigurations = (
				E352B1E42841486F0095C6F6 /* Debug */,
				E352B1E52841486F0095C6F6 /* Release */,
			);
			defaultConfigurationIsVisible = 0;
			defaultConfigurationName = Release;
		};
		E352B1E62841486F0095C6F6 /* Build configuration list for PBXNativeTarget "FutureMind.tests" */ = {
			isa = XCConfigurationList;
			buildConfigurations = (
				E352B1E72841486F0095C6F6 /* Debug */,
				E352B1E82841486F0095C6F6 /* Release */,
			);
			defaultConfigurationIsVisible = 0;
			defaultConfigurationName = Release;
		};
/* End XCConfigurationList section */
	};
	rootObject = E352B1CA2841486E0095C6F6 /* Project object */;
}
