// !$*UTF8*$!
{
	archiveVersion = 1;
	classes = {
	};
	objectVersion = 55;
	objects = {

/* Begin PBXBuildFile section */
		E33DC17B284401DD00E12E8A /* FutureMind_SwiftUI_testApp.swift in Sources */ = {isa = PBXBuildFile; fileRef = E33DC17A284401DD00E12E8A /* FutureMind_SwiftUI_testApp.swift */; };
		E33DC17D284401DD00E12E8A /* ContentView.swift in Sources */ = {isa = PBXBuildFile; fileRef = E33DC17C284401DD00E12E8A /* ContentView.swift */; };
		E33DC17F284401DF00E12E8A /* Assets.xcassets in Resources */ = {isa = PBXBuildFile; fileRef = E33DC17E284401DF00E12E8A /* Assets.xcassets */; };
		E33DC182284401DF00E12E8A /* Preview Assets.xcassets in Resources */ = {isa = PBXBuildFile; fileRef = E33DC181284401DF00E12E8A /* Preview Assets.xcassets */; };
		E33DC18E2844024800E12E8A /* Alamofire in Frameworks */ = {isa = PBXBuildFile; productRef = E33DC18D2844024800E12E8A /* Alamofire */; };
		E33DC1912844025900E12E8A /* Kingfisher in Frameworks */ = {isa = PBXBuildFile; productRef = E33DC1902844025900E12E8A /* Kingfisher */; };
		E33DC1942844026700E12E8A /* SwiftyJSON in Frameworks */ = {isa = PBXBuildFile; productRef = E33DC1932844026700E12E8A /* SwiftyJSON */; };
		E33DC1972844028F00E12E8A /* Realm in Frameworks */ = {isa = PBXBuildFile; productRef = E33DC1962844028F00E12E8A /* Realm */; };
		E33DC1992844028F00E12E8A /* RealmSwift in Frameworks */ = {isa = PBXBuildFile; productRef = E33DC1982844028F00E12E8A /* RealmSwift */; };
		E33DC19B284402F200E12E8A /* DataModel.swift in Sources */ = {isa = PBXBuildFile; fileRef = E33DC19A284402F200E12E8A /* DataModel.swift */; };
		E33DC19D2844031D00E12E8A /* NetworkSession.swift in Sources */ = {isa = PBXBuildFile; fileRef = E33DC19C2844031D00E12E8A /* NetworkSession.swift */; };
		E33DC19F2844035F00E12E8A /* ApiRequest.swift in Sources */ = {isa = PBXBuildFile; fileRef = E33DC19E2844035F00E12E8A /* ApiRequest.swift */; };
		E33DC1A12844037C00E12E8A /* RealmService.swift in Sources */ = {isa = PBXBuildFile; fileRef = E33DC1A02844037C00E12E8A /* RealmService.swift */; };
/* End PBXBuildFile section */

/* Begin PBXFileReference section */
		E33DC177284401DD00E12E8A /* FutureMind.SwiftUI.test.app */ = {isa = PBXFileReference; explicitFileType = wrapper.application; includeInIndex = 0; path = FutureMind.SwiftUI.test.app; sourceTree = BUILT_PRODUCTS_DIR; };
		E33DC17A284401DD00E12E8A /* FutureMind_SwiftUI_testApp.swift */ = {isa = PBXFileReference; lastKnownFileType = sourcecode.swift; path = FutureMind_SwiftUI_testApp.swift; sourceTree = "<group>"; };
		E33DC17C284401DD00E12E8A /* ContentView.swift */ = {isa = PBXFileReference; lastKnownFileType = sourcecode.swift; path = ContentView.swift; sourceTree = "<group>"; };
		E33DC17E284401DF00E12E8A /* Assets.xcassets */ = {isa = PBXFileReference; lastKnownFileType = folder.assetcatalog; path = Assets.xcassets; sourceTree = "<group>"; };
		E33DC181284401DF00E12E8A /* Preview Assets.xcassets */ = {isa = PBXFileReference; lastKnownFileType = folder.assetcatalog; path = "Preview Assets.xcassets"; sourceTree = "<group>"; };
		E33DC19A284402F200E12E8A /* DataModel.swift */ = {isa = PBXFileReference; lastKnownFileType = sourcecode.swift; path = DataModel.swift; sourceTree = "<group>"; };
		E33DC19C2844031D00E12E8A /* NetworkSession.swift */ = {isa = PBXFileReference; lastKnownFileType = sourcecode.swift; path = NetworkSession.swift; sourceTree = "<group>"; };
		E33DC19E2844035F00E12E8A /* ApiRequest.swift */ = {isa = PBXFileReference; lastKnownFileType = sourcecode.swift; path = ApiRequest.swift; sourceTree = "<group>"; };
		E33DC1A02844037C00E12E8A /* RealmService.swift */ = {isa = PBXFileReference; lastKnownFileType = sourcecode.swift; path = RealmService.swift; sourceTree = "<group>"; };
/* End PBXFileReference section */

/* Begin PBXFrameworksBuildPhase section */
		E33DC174284401DD00E12E8A /* Frameworks */ = {
			isa = PBXFrameworksBuildPhase;
			buildActionMask = 2147483647;
			files = (
				E33DC1942844026700E12E8A /* SwiftyJSON in Frameworks */,
				E33DC1912844025900E12E8A /* Kingfisher in Frameworks */,
				E33DC1972844028F00E12E8A /* Realm in Frameworks */,
				E33DC1992844028F00E12E8A /* RealmSwift in Frameworks */,
				E33DC18E2844024800E12E8A /* Alamofire in Frameworks */,
			);
			runOnlyForDeploymentPostprocessing = 0;
		};
/* End PBXFrameworksBuildPhase section */

/* Begin PBXGroup section */
		E33DC16E284401DC00E12E8A = {
			isa = PBXGroup;
			children = (
				E33DC179284401DD00E12E8A /* FutureMind.SwiftUI.test */,
				E33DC178284401DD00E12E8A /* Products */,
			);
			sourceTree = "<group>";
		};
		E33DC178284401DD00E12E8A /* Products */ = {
			isa = PBXGroup;
			children = (
				E33DC177284401DD00E12E8A /* FutureMind.SwiftUI.test.app */,
			);
			name = Products;
			sourceTree = "<group>";
		};
		E33DC179284401DD00E12E8A /* FutureMind.SwiftUI.test */ = {
			isa = PBXGroup;
			children = (
				E33DC18B2844022400E12E8A /* Views */,
				E33DC18A2844021600E12E8A /* Models */,
				E33DC1892844020B00E12E8A /* Network */,
				E33DC188284401F700E12E8A /* System */,
				E33DC17C284401DD00E12E8A /* ContentView.swift */,
				E33DC17E284401DF00E12E8A /* Assets.xcassets */,
				E33DC180284401DF00E12E8A /* Preview Content */,
			);
			path = FutureMind.SwiftUI.test;
			sourceTree = "<group>";
		};
		E33DC180284401DF00E12E8A /* Preview Content */ = {
			isa = PBXGroup;
			children = (
				E33DC181284401DF00E12E8A /* Preview Assets.xcassets */,
			);
			path = "Preview Content";
			sourceTree = "<group>";
		};
		E33DC188284401F700E12E8A /* System */ = {
			isa = PBXGroup;
			children = (
				E33DC17A284401DD00E12E8A /* FutureMind_SwiftUI_testApp.swift */,
			);
			path = System;
			sourceTree = "<group>";
		};
		E33DC1892844020B00E12E8A /* Network */ = {
			isa = PBXGroup;
			children = (
				E33DC19C2844031D00E12E8A /* NetworkSession.swift */,
				E33DC19E2844035F00E12E8A /* ApiRequest.swift */,
				E33DC1A02844037C00E12E8A /* RealmService.swift */,
			);
			path = Network;
			sourceTree = "<group>";
		};
		E33DC18A2844021600E12E8A /* Models */ = {
			isa = PBXGroup;
			children = (
				E33DC19A284402F200E12E8A /* DataModel.swift */,
			);
			path = Models;
			sourceTree = "<group>";
		};
		E33DC18B2844022400E12E8A /* Views */ = {
			isa = PBXGroup;
			children = (
			);
			path = Views;
			sourceTree = "<group>";
		};
/* End PBXGroup section */

/* Begin PBXNativeTarget section */
		E33DC176284401DD00E12E8A /* FutureMind.SwiftUI.test */ = {
			isa = PBXNativeTarget;
			buildConfigurationList = E33DC185284401DF00E12E8A /* Build configuration list for PBXNativeTarget "FutureMind.SwiftUI.test" */;
			buildPhases = (
				E33DC173284401DD00E12E8A /* Sources */,
				E33DC174284401DD00E12E8A /* Frameworks */,
				E33DC175284401DD00E12E8A /* Resources */,
			);
			buildRules = (
			);
			dependencies = (
			);
			name = FutureMind.SwiftUI.test;
			packageProductDependencies = (
				E33DC18D2844024800E12E8A /* Alamofire */,
				E33DC1902844025900E12E8A /* Kingfisher */,
				E33DC1932844026700E12E8A /* SwiftyJSON */,
				E33DC1962844028F00E12E8A /* Realm */,
				E33DC1982844028F00E12E8A /* RealmSwift */,
			);
			productName = FutureMind.SwiftUI.test;
			productReference = E33DC177284401DD00E12E8A /* FutureMind.SwiftUI.test.app */;
			productType = "com.apple.product-type.application";
		};
/* End PBXNativeTarget section */

/* Begin PBXProject section */
		E33DC16F284401DC00E12E8A /* Project object */ = {
			isa = PBXProject;
			attributes = {
				BuildIndependentTargetsInParallel = 1;
				LastSwiftUpdateCheck = 1340;
				LastUpgradeCheck = 1340;
				TargetAttributes = {
					E33DC176284401DD00E12E8A = {
						CreatedOnToolsVersion = 13.4;
					};
				};
			};
			buildConfigurationList = E33DC172284401DC00E12E8A /* Build configuration list for PBXProject "FutureMind.SwiftUI.test" */;
			compatibilityVersion = "Xcode 13.0";
			developmentRegion = en;
			hasScannedForEncodings = 0;
			knownRegions = (
				en,
				Base,
			);
			mainGroup = E33DC16E284401DC00E12E8A;
			packageReferences = (
				E33DC18C2844024800E12E8A /* XCRemoteSwiftPackageReference "Alamofire" */,
				E33DC18F2844025900E12E8A /* XCRemoteSwiftPackageReference "Kingfisher" */,
				E33DC1922844026700E12E8A /* XCRemoteSwiftPackageReference "SwiftyJSON" */,
				E33DC1952844028F00E12E8A /* XCRemoteSwiftPackageReference "realm-swift" */,
			);
			productRefGroup = E33DC178284401DD00E12E8A /* Products */;
			projectDirPath = "";
			projectRoot = "";
			targets = (
				E33DC176284401DD00E12E8A /* FutureMind.SwiftUI.test */,
			);
		};
/* End PBXProject section */

/* Begin PBXResourcesBuildPhase section */
		E33DC175284401DD00E12E8A /* Resources */ = {
			isa = PBXResourcesBuildPhase;
			buildActionMask = 2147483647;
			files = (
				E33DC182284401DF00E12E8A /* Preview Assets.xcassets in Resources */,
				E33DC17F284401DF00E12E8A /* Assets.xcassets in Resources */,
			);
			runOnlyForDeploymentPostprocessing = 0;
		};
/* End PBXResourcesBuildPhase section */

/* Begin PBXSourcesBuildPhase section */
		E33DC173284401DD00E12E8A /* Sources */ = {
			isa = PBXSourcesBuildPhase;
			buildActionMask = 2147483647;
			files = (
				E33DC17D284401DD00E12E8A /* ContentView.swift in Sources */,
				E33DC1A12844037C00E12E8A /* RealmService.swift in Sources */,
				E33DC19D2844031D00E12E8A /* NetworkSession.swift in Sources */,
				E33DC17B284401DD00E12E8A /* FutureMind_SwiftUI_testApp.swift in Sources */,
				E33DC19F2844035F00E12E8A /* ApiRequest.swift in Sources */,
				E33DC19B284402F200E12E8A /* DataModel.swift in Sources */,
			);
			runOnlyForDeploymentPostprocessing = 0;
		};
/* End PBXSourcesBuildPhase section */

/* Begin XCBuildConfiguration section */
		E33DC183284401DF00E12E8A /* Debug */ = {
			isa = XCBuildConfiguration;
			buildSettings = {
				ALWAYS_SEARCH_USER_PATHS = NO;
				CLANG_ANALYZER_NONNULL = YES;
				CLANG_ANALYZER_NUMBER_OBJECT_CONVERSION = YES_AGGRESSIVE;
				CLANG_CXX_LANGUAGE_STANDARD = "gnu++17";
				CLANG_ENABLE_MODULES = YES;
				CLANG_ENABLE_OBJC_ARC = YES;
				CLANG_ENABLE_OBJC_WEAK = YES;
				CLANG_WARN_BLOCK_CAPTURE_AUTORELEASING = YES;
				CLANG_WARN_BOOL_CONVERSION = YES;
				CLANG_WARN_COMMA = YES;
				CLANG_WARN_CONSTANT_CONVERSION = YES;
				CLANG_WARN_DEPRECATED_OBJC_IMPLEMENTATIONS = YES;
				CLANG_WARN_DIRECT_OBJC_ISA_USAGE = YES_ERROR;
				CLANG_WARN_DOCUMENTATION_COMMENTS = YES;
				CLANG_WARN_EMPTY_BODY = YES;
				CLANG_WARN_ENUM_CONVERSION = YES;
				CLANG_WARN_INFINITE_RECURSION = YES;
				CLANG_WARN_INT_CONVERSION = YES;
				CLANG_WARN_NON_LITERAL_NULL_CONVERSION = YES;
				CLANG_WARN_OBJC_IMPLICIT_RETAIN_SELF = YES;
				CLANG_WARN_OBJC_LITERAL_CONVERSION = YES;
				CLANG_WARN_OBJC_ROOT_CLASS = YES_ERROR;
				CLANG_WARN_QUOTED_INCLUDE_IN_FRAMEWORK_HEADER = YES;
				CLANG_WARN_RANGE_LOOP_ANALYSIS = YES;
				CLANG_WARN_STRICT_PROTOTYPES = YES;
				CLANG_WARN_SUSPICIOUS_MOVE = YES;
				CLANG_WARN_UNGUARDED_AVAILABILITY = YES_AGGRESSIVE;
				CLANG_WARN_UNREACHABLE_CODE = YES;
				CLANG_WARN__DUPLICATE_METHOD_MATCH = YES;
				COPY_PHASE_STRIP = NO;
				DEBUG_INFORMATION_FORMAT = dwarf;
				ENABLE_STRICT_OBJC_MSGSEND = YES;
				ENABLE_TESTABILITY = YES;
				GCC_C_LANGUAGE_STANDARD = gnu11;
				GCC_DYNAMIC_NO_PIC = NO;
				GCC_NO_COMMON_BLOCKS = YES;
				GCC_OPTIMIZATION_LEVEL = 0;
				GCC_PREPROCESSOR_DEFINITIONS = (
					"DEBUG=1",
					"$(inherited)",
				);
				GCC_WARN_64_TO_32_BIT_CONVERSION = YES;
				GCC_WARN_ABOUT_RETURN_TYPE = YES_ERROR;
				GCC_WARN_UNDECLARED_SELECTOR = YES;
				GCC_WARN_UNINITIALIZED_AUTOS = YES_AGGRESSIVE;
				GCC_WARN_UNUSED_FUNCTION = YES;
				GCC_WARN_UNUSED_VARIABLE = YES;
				IPHONEOS_DEPLOYMENT_TARGET = 15.5;
				MTL_ENABLE_DEBUG_INFO = INCLUDE_SOURCE;
				MTL_FAST_MATH = YES;
				ONLY_ACTIVE_ARCH = YES;
				SDKROOT = iphoneos;
				SWIFT_ACTIVE_COMPILATION_CONDITIONS = DEBUG;
				SWIFT_OPTIMIZATION_LEVEL = "-Onone";
			};
			name = Debug;
		};
		E33DC184284401DF00E12E8A /* Release */ = {
			isa = XCBuildConfiguration;
			buildSettings = {
				ALWAYS_SEARCH_USER_PATHS = NO;
				CLANG_ANALYZER_NONNULL = YES;
				CLANG_ANALYZER_NUMBER_OBJECT_CONVERSION = YES_AGGRESSIVE;
				CLANG_CXX_LANGUAGE_STANDARD = "gnu++17";
				CLANG_ENABLE_MODULES = YES;
				CLANG_ENABLE_OBJC_ARC = YES;
				CLANG_ENABLE_OBJC_WEAK = YES;
				CLANG_WARN_BLOCK_CAPTURE_AUTORELEASING = YES;
				CLANG_WARN_BOOL_CONVERSION = YES;
				CLANG_WARN_COMMA = YES;
				CLANG_WARN_CONSTANT_CONVERSION = YES;
				CLANG_WARN_DEPRECATED_OBJC_IMPLEMENTATIONS = YES;
				CLANG_WARN_DIRECT_OBJC_ISA_USAGE = YES_ERROR;
				CLANG_WARN_DOCUMENTATION_COMMENTS = YES;
				CLANG_WARN_EMPTY_BODY = YES;
				CLANG_WARN_ENUM_CONVERSION = YES;
				CLANG_WARN_INFINITE_RECURSION = YES;
				CLANG_WARN_INT_CONVERSION = YES;
				CLANG_WARN_NON_LITERAL_NULL_CONVERSION = YES;
				CLANG_WARN_OBJC_IMPLICIT_RETAIN_SELF = YES;
				CLANG_WARN_OBJC_LITERAL_CONVERSION = YES;
				CLANG_WARN_OBJC_ROOT_CLASS = YES_ERROR;
				CLANG_WARN_QUOTED_INCLUDE_IN_FRAMEWORK_HEADER = YES;
				CLANG_WARN_RANGE_LOOP_ANALYSIS = YES;
				CLANG_WARN_STRICT_PROTOTYPES = YES;
				CLANG_WARN_SUSPICIOUS_MOVE = YES;
				CLANG_WARN_UNGUARDED_AVAILABILITY = YES_AGGRESSIVE;
				CLANG_WARN_UNREACHABLE_CODE = YES;
				CLANG_WARN__DUPLICATE_METHOD_MATCH = YES;
				COPY_PHASE_STRIP = NO;
				DEBUG_INFORMATION_FORMAT = "dwarf-with-dsym";
				ENABLE_NS_ASSERTIONS = NO;
				ENABLE_STRICT_OBJC_MSGSEND = YES;
				GCC_C_LANGUAGE_STANDARD = gnu11;
				GCC_NO_COMMON_BLOCKS = YES;
				GCC_WARN_64_TO_32_BIT_CONVERSION = YES;
				GCC_WARN_ABOUT_RETURN_TYPE = YES_ERROR;
				GCC_WARN_UNDECLARED_SELECTOR = YES;
				GCC_WARN_UNINITIALIZED_AUTOS = YES_AGGRESSIVE;
				GCC_WARN_UNUSED_FUNCTION = YES;
				GCC_WARN_UNUSED_VARIABLE = YES;
				IPHONEOS_DEPLOYMENT_TARGET = 15.5;
				MTL_ENABLE_DEBUG_INFO = NO;
				MTL_FAST_MATH = YES;
				SDKROOT = iphoneos;
				SWIFT_COMPILATION_MODE = wholemodule;
				SWIFT_OPTIMIZATION_LEVEL = "-O";
				VALIDATE_PRODUCT = YES;
			};
			name = Release;
		};
		E33DC186284401DF00E12E8A /* Debug */ = {
			isa = XCBuildConfiguration;
			buildSettings = {
				ASSETCATALOG_COMPILER_APPICON_NAME = AppIcon;
				ASSETCATALOG_COMPILER_GLOBAL_ACCENT_COLOR_NAME = AccentColor;
				CODE_SIGN_STYLE = Automatic;
				CURRENT_PROJECT_VERSION = 1;
				DEVELOPMENT_ASSET_PATHS = "\"FutureMind.SwiftUI.test/Preview Content\"";
				DEVELOPMENT_TEAM = HM37P8L339;
				ENABLE_PREVIEWS = YES;
				GENERATE_INFOPLIST_FILE = YES;
				INFOPLIST_KEY_UIApplicationSceneManifest_Generation = YES;
				INFOPLIST_KEY_UIApplicationSupportsIndirectInputEvents = YES;
				INFOPLIST_KEY_UILaunchScreen_Generation = YES;
				INFOPLIST_KEY_UISupportedInterfaceOrientations_iPad = "UIInterfaceOrientationPortrait UIInterfaceOrientationPortraitUpsideDown UIInterfaceOrientationLandscapeLeft UIInterfaceOrientationLandscapeRight";
				INFOPLIST_KEY_UISupportedInterfaceOrientations_iPhone = "UIInterfaceOrientationPortrait UIInterfaceOrientationLandscapeLeft UIInterfaceOrientationLandscapeRight";
				LD_RUNPATH_SEARCH_PATHS = (
					"$(inherited)",
					"@executable_path/Frameworks",
				);
				MARKETING_VERSION = 1.0;
				PRODUCT_BUNDLE_IDENTIFIER = "tech.hiwawa.FutureMind-SwiftUI-test";
				PRODUCT_NAME = "$(TARGET_NAME)";
				SWIFT_EMIT_LOC_STRINGS = YES;
				SWIFT_VERSION = 5.0;
				TARGETED_DEVICE_FAMILY = "1,2";
			};
			name = Debug;
		};
		E33DC187284401DF00E12E8A /* Release */ = {
			isa = XCBuildConfiguration;
			buildSettings = {
				ASSETCATALOG_COMPILER_APPICON_NAME = AppIcon;
				ASSETCATALOG_COMPILER_GLOBAL_ACCENT_COLOR_NAME = AccentColor;
				CODE_SIGN_STYLE = Automatic;
				CURRENT_PROJECT_VERSION = 1;
				DEVELOPMENT_ASSET_PATHS = "\"FutureMind.SwiftUI.test/Preview Content\"";
				DEVELOPMENT_TEAM = HM37P8L339;
				ENABLE_PREVIEWS = YES;
				GENERATE_INFOPLIST_FILE = YES;
				INFOPLIST_KEY_UIApplicationSceneManifest_Generation = YES;
				INFOPLIST_KEY_UIApplicationSupportsIndirectInputEvents = YES;
				INFOPLIST_KEY_UILaunchScreen_Generation = YES;
				INFOPLIST_KEY_UISupportedInterfaceOrientations_iPad = "UIInterfaceOrientationPortrait UIInterfaceOrientationPortraitUpsideDown UIInterfaceOrientationLandscapeLeft UIInterfaceOrientationLandscapeRight";
				INFOPLIST_KEY_UISupportedInterfaceOrientations_iPhone = "UIInterfaceOrientationPortrait UIInterfaceOrientationLandscapeLeft UIInterfaceOrientationLandscapeRight";
				LD_RUNPATH_SEARCH_PATHS = (
					"$(inherited)",
					"@executable_path/Frameworks",
				);
				MARKETING_VERSION = 1.0;
				PRODUCT_BUNDLE_IDENTIFIER = "tech.hiwawa.FutureMind-SwiftUI-test";
				PRODUCT_NAME = "$(TARGET_NAME)";
				SWIFT_EMIT_LOC_STRINGS = YES;
				SWIFT_VERSION = 5.0;
				TARGETED_DEVICE_FAMILY = "1,2";
			};
			name = Release;
		};
/* End XCBuildConfiguration section */

/* Begin XCConfigurationList section */
		E33DC172284401DC00E12E8A /* Build configuration list for PBXProject "FutureMind.SwiftUI.test" */ = {
			isa = XCConfigurationList;
			buildConfigurations = (
				E33DC183284401DF00E12E8A /* Debug */,
				E33DC184284401DF00E12E8A /* Release */,
			);
			defaultConfigurationIsVisible = 0;
			defaultConfigurationName = Release;
		};
		E33DC185284401DF00E12E8A /* Build configuration list for PBXNativeTarget "FutureMind.SwiftUI.test" */ = {
			isa = XCConfigurationList;
			buildConfigurations = (
				E33DC186284401DF00E12E8A /* Debug */,
				E33DC187284401DF00E12E8A /* Release */,
			);
			defaultConfigurationIsVisible = 0;
			defaultConfigurationName = Release;
		};
/* End XCConfigurationList section */

/* Begin XCRemoteSwiftPackageReference section */
		E33DC18C2844024800E12E8A /* XCRemoteSwiftPackageReference "Alamofire" */ = {
			isa = XCRemoteSwiftPackageReference;
			repositoryURL = "https://github.com/Alamofire/Alamofire.git";
			requirement = {
				branch = master;
				kind = branch;
			};
		};
		E33DC18F2844025900E12E8A /* XCRemoteSwiftPackageReference "Kingfisher" */ = {
			isa = XCRemoteSwiftPackageReference;
			repositoryURL = "https://github.com/onevcat/Kingfisher.git";
			requirement = {
				kind = upToNextMajorVersion;
				minimumVersion = 7.0.0;
			};
		};
		E33DC1922844026700E12E8A /* XCRemoteSwiftPackageReference "SwiftyJSON" */ = {
			isa = XCRemoteSwiftPackageReference;
			repositoryURL = "https://github.com/SwiftyJSON/SwiftyJSON.git";
			requirement = {
				branch = master;
				kind = branch;
			};
		};
		E33DC1952844028F00E12E8A /* XCRemoteSwiftPackageReference "realm-swift" */ = {
			isa = XCRemoteSwiftPackageReference;
			repositoryURL = "https://github.com/realm/realm-swift.git";
			requirement = {
				branch = master;
				kind = branch;
			};
		};
/* End XCRemoteSwiftPackageReference section */

/* Begin XCSwiftPackageProductDependency section */
		E33DC18D2844024800E12E8A /* Alamofire */ = {
			isa = XCSwiftPackageProductDependency;
			package = E33DC18C2844024800E12E8A /* XCRemoteSwiftPackageReference "Alamofire" */;
			productName = Alamofire;
		};
		E33DC1902844025900E12E8A /* Kingfisher */ = {
			isa = XCSwiftPackageProductDependency;
			package = E33DC18F2844025900E12E8A /* XCRemoteSwiftPackageReference "Kingfisher" */;
			productName = Kingfisher;
		};
		E33DC1932844026700E12E8A /* SwiftyJSON */ = {
			isa = XCSwiftPackageProductDependency;
			package = E33DC1922844026700E12E8A /* XCRemoteSwiftPackageReference "SwiftyJSON" */;
			productName = SwiftyJSON;
		};
		E33DC1962844028F00E12E8A /* Realm */ = {
			isa = XCSwiftPackageProductDependency;
			package = E33DC1952844028F00E12E8A /* XCRemoteSwiftPackageReference "realm-swift" */;
			productName = Realm;
		};
		E33DC1982844028F00E12E8A /* RealmSwift */ = {
			isa = XCSwiftPackageProductDependency;
			package = E33DC1952844028F00E12E8A /* XCRemoteSwiftPackageReference "realm-swift" */;
			productName = RealmSwift;
		};
/* End XCSwiftPackageProductDependency section */
	};
	rootObject = E33DC16F284401DC00E12E8A /* Project object */;
}
