// !$*UTF8*$!
{
	archiveVersion = 1;
	classes = {
	};
	objectVersion = 51;
	objects = {

/* Begin PBXBuildFile section */
		BA581B9FCC6BC5A1B8B1BEE1 /* Pods_NyaWeather__iOS_.framework in Frameworks */ = {isa = PBXBuildFile; fileRef = 4D64545D2C23B2B3CC689B6B /* Pods_NyaWeather__iOS_.framework */; };
		CAD9E2FA12CE9A32B56F9963 /* Pods_NyaWeather__macOS_.framework in Frameworks */ = {isa = PBXBuildFile; fileRef = 72D1038EBEF456E49C3043F6 /* Pods_NyaWeather__macOS_.framework */; };
		E34DE36026DEADDA00B770FF /* NyaWeather.xcdatamodeld in Sources */ = {isa = PBXBuildFile; fileRef = E34DE34A26DEADD600B770FF /* NyaWeather.xcdatamodeld */; };
		E34DE36126DEADDA00B770FF /* NyaWeather.xcdatamodeld in Sources */ = {isa = PBXBuildFile; fileRef = E34DE34A26DEADD600B770FF /* NyaWeather.xcdatamodeld */; };
		E34DE36226DEADDA00B770FF /* NyaWeatherApp.swift in Sources */ = {isa = PBXBuildFile; fileRef = E34DE34C26DEADD600B770FF /* NyaWeatherApp.swift */; };
		E34DE36326DEADDA00B770FF /* NyaWeatherApp.swift in Sources */ = {isa = PBXBuildFile; fileRef = E34DE34C26DEADD600B770FF /* NyaWeatherApp.swift */; };
		E34DE36426DEADDA00B770FF /* ContentView.swift in Sources */ = {isa = PBXBuildFile; fileRef = E34DE34D26DEADD600B770FF /* ContentView.swift */; };
		E34DE36526DEADDA00B770FF /* ContentView.swift in Sources */ = {isa = PBXBuildFile; fileRef = E34DE34D26DEADD600B770FF /* ContentView.swift */; };
		E34DE36626DEADDA00B770FF /* Persistence.swift in Sources */ = {isa = PBXBuildFile; fileRef = E34DE34E26DEADD600B770FF /* Persistence.swift */; };
		E34DE36726DEADDA00B770FF /* Persistence.swift in Sources */ = {isa = PBXBuildFile; fileRef = E34DE34E26DEADD600B770FF /* Persistence.swift */; };
		E34DE36826DEADDA00B770FF /* Assets.xcassets in Resources */ = {isa = PBXBuildFile; fileRef = E34DE34F26DEADDA00B770FF /* Assets.xcassets */; };
		E34DE36926DEADDA00B770FF /* Assets.xcassets in Resources */ = {isa = PBXBuildFile; fileRef = E34DE34F26DEADDA00B770FF /* Assets.xcassets */; };
		E382EC2E26DEB19400C206D5 /* RealmService.swift in Sources */ = {isa = PBXBuildFile; fileRef = E382EC2D26DEB19400C206D5 /* RealmService.swift */; };
		E382EC2F26DEB19400C206D5 /* RealmService.swift in Sources */ = {isa = PBXBuildFile; fileRef = E382EC2D26DEB19400C206D5 /* RealmService.swift */; };
		E382EC3126DEB27300C206D5 /* NetworkService.swift in Sources */ = {isa = PBXBuildFile; fileRef = E382EC3026DEB27300C206D5 /* NetworkService.swift */; };
		E382EC3226DEB27300C206D5 /* NetworkService.swift in Sources */ = {isa = PBXBuildFile; fileRef = E382EC3026DEB27300C206D5 /* NetworkService.swift */; };
		E382EC3426DEB2D900C206D5 /* ApiRequest.swift in Sources */ = {isa = PBXBuildFile; fileRef = E382EC3326DEB2D900C206D5 /* ApiRequest.swift */; };
		E382EC3526DEB2D900C206D5 /* ApiRequest.swift in Sources */ = {isa = PBXBuildFile; fileRef = E382EC3326DEB2D900C206D5 /* ApiRequest.swift */; };
		E382EC3826DEB32E00C206D5 /* WeatherModel.swift in Sources */ = {isa = PBXBuildFile; fileRef = E382EC3726DEB32E00C206D5 /* WeatherModel.swift */; };
		E382EC3926DEB32E00C206D5 /* WeatherModel.swift in Sources */ = {isa = PBXBuildFile; fileRef = E382EC3726DEB32E00C206D5 /* WeatherModel.swift */; };
		E382EC3C26DEB9B100C206D5 /* WeatherView.swift in Sources */ = {isa = PBXBuildFile; fileRef = E382EC3B26DEB9B100C206D5 /* WeatherView.swift */; };
		E382EC3D26DEB9B100C206D5 /* WeatherView.swift in Sources */ = {isa = PBXBuildFile; fileRef = E382EC3B26DEB9B100C206D5 /* WeatherView.swift */; };
/* End PBXBuildFile section */

/* Begin PBXFileReference section */
		18757067C068D39624BF89C3 /* Pods-NyaWeather (macOS).release.xcconfig */ = {isa = PBXFileReference; includeInIndex = 1; lastKnownFileType = text.xcconfig; name = "Pods-NyaWeather (macOS).release.xcconfig"; path = "Target Support Files/Pods-NyaWeather (macOS)/Pods-NyaWeather (macOS).release.xcconfig"; sourceTree = "<group>"; };
		1E52918B05A098F005F72DC7 /* Pods-NyaWeather (iOS).release.xcconfig */ = {isa = PBXFileReference; includeInIndex = 1; lastKnownFileType = text.xcconfig; name = "Pods-NyaWeather (iOS).release.xcconfig"; path = "Target Support Files/Pods-NyaWeather (iOS)/Pods-NyaWeather (iOS).release.xcconfig"; sourceTree = "<group>"; };
		4D64545D2C23B2B3CC689B6B /* Pods_NyaWeather__iOS_.framework */ = {isa = PBXFileReference; explicitFileType = wrapper.framework; includeInIndex = 0; path = Pods_NyaWeather__iOS_.framework; sourceTree = BUILT_PRODUCTS_DIR; };
		72D1038EBEF456E49C3043F6 /* Pods_NyaWeather__macOS_.framework */ = {isa = PBXFileReference; explicitFileType = wrapper.framework; includeInIndex = 0; path = Pods_NyaWeather__macOS_.framework; sourceTree = BUILT_PRODUCTS_DIR; };
		89768894D818A61B6D17017C /* Pods-NyaWeather (iOS).debug.xcconfig */ = {isa = PBXFileReference; includeInIndex = 1; lastKnownFileType = text.xcconfig; name = "Pods-NyaWeather (iOS).debug.xcconfig"; path = "Target Support Files/Pods-NyaWeather (iOS)/Pods-NyaWeather (iOS).debug.xcconfig"; sourceTree = "<group>"; };
		A242DC7F73ACA2C99AB73EC7 /* Pods-NyaWeather (macOS).debug.xcconfig */ = {isa = PBXFileReference; includeInIndex = 1; lastKnownFileType = text.xcconfig; name = "Pods-NyaWeather (macOS).debug.xcconfig"; path = "Target Support Files/Pods-NyaWeather (macOS)/Pods-NyaWeather (macOS).debug.xcconfig"; sourceTree = "<group>"; };
		E34DE34B26DEADD600B770FF /* Shared.xcdatamodel */ = {isa = PBXFileReference; lastKnownFileType = wrapper.xcdatamodel; path = Shared.xcdatamodel; sourceTree = "<group>"; };
		E34DE34C26DEADD600B770FF /* NyaWeatherApp.swift */ = {isa = PBXFileReference; lastKnownFileType = sourcecode.swift; path = NyaWeatherApp.swift; sourceTree = "<group>"; };
		E34DE34D26DEADD600B770FF /* ContentView.swift */ = {isa = PBXFileReference; lastKnownFileType = sourcecode.swift; path = ContentView.swift; sourceTree = "<group>"; };
		E34DE34E26DEADD600B770FF /* Persistence.swift */ = {isa = PBXFileReference; lastKnownFileType = sourcecode.swift; path = Persistence.swift; sourceTree = "<group>"; };
		E34DE34F26DEADDA00B770FF /* Assets.xcassets */ = {isa = PBXFileReference; lastKnownFileType = folder.assetcatalog; path = Assets.xcassets; sourceTree = "<group>"; };
		E34DE35426DEADDA00B770FF /* NyaWeather.app */ = {isa = PBXFileReference; explicitFileType = wrapper.application; includeInIndex = 0; path = NyaWeather.app; sourceTree = BUILT_PRODUCTS_DIR; };
		E34DE35726DEADDA00B770FF /* Info.plist */ = {isa = PBXFileReference; lastKnownFileType = text.plist.xml; path = Info.plist; sourceTree = "<group>"; };
		E34DE35C26DEADDA00B770FF /* NyaWeather.app */ = {isa = PBXFileReference; explicitFileType = wrapper.application; includeInIndex = 0; path = NyaWeather.app; sourceTree = BUILT_PRODUCTS_DIR; };
		E34DE35E26DEADDA00B770FF /* Info.plist */ = {isa = PBXFileReference; lastKnownFileType = text.plist.xml; path = Info.plist; sourceTree = "<group>"; };
		E34DE35F26DEADDA00B770FF /* macOS.entitlements */ = {isa = PBXFileReference; lastKnownFileType = text.plist.entitlements; path = macOS.entitlements; sourceTree = "<group>"; };
		E382EC2D26DEB19400C206D5 /* RealmService.swift */ = {isa = PBXFileReference; lastKnownFileType = sourcecode.swift; path = RealmService.swift; sourceTree = "<group>"; };
		E382EC3026DEB27300C206D5 /* NetworkService.swift */ = {isa = PBXFileReference; lastKnownFileType = sourcecode.swift; path = NetworkService.swift; sourceTree = "<group>"; };
		E382EC3326DEB2D900C206D5 /* ApiRequest.swift */ = {isa = PBXFileReference; lastKnownFileType = sourcecode.swift; path = ApiRequest.swift; sourceTree = "<group>"; };
		E382EC3726DEB32E00C206D5 /* WeatherModel.swift */ = {isa = PBXFileReference; lastKnownFileType = sourcecode.swift; path = WeatherModel.swift; sourceTree = "<group>"; };
		E382EC3B26DEB9B100C206D5 /* WeatherView.swift */ = {isa = PBXFileReference; lastKnownFileType = sourcecode.swift; path = WeatherView.swift; sourceTree = "<group>"; };
/* End PBXFileReference section */

/* Begin PBXFrameworksBuildPhase section */
		E34DE35126DEADDA00B770FF /* Frameworks */ = {
			isa = PBXFrameworksBuildPhase;
			buildActionMask = 2147483647;
			files = (
				BA581B9FCC6BC5A1B8B1BEE1 /* Pods_NyaWeather__iOS_.framework in Frameworks */,
			);
			runOnlyForDeploymentPostprocessing = 0;
		};
		E34DE35926DEADDA00B770FF /* Frameworks */ = {
			isa = PBXFrameworksBuildPhase;
			buildActionMask = 2147483647;
			files = (
				CAD9E2FA12CE9A32B56F9963 /* Pods_NyaWeather__macOS_.framework in Frameworks */,
			);
			runOnlyForDeploymentPostprocessing = 0;
		};
/* End PBXFrameworksBuildPhase section */

/* Begin PBXGroup section */
		2A5149F0AC844B2C12DB1DD9 /* Frameworks */ = {
			isa = PBXGroup;
			children = (
				4D64545D2C23B2B3CC689B6B /* Pods_NyaWeather__iOS_.framework */,
				72D1038EBEF456E49C3043F6 /* Pods_NyaWeather__macOS_.framework */,
			);
			name = Frameworks;
			sourceTree = "<group>";
		};
		BFFF68705B716A0F5903F7BE /* Pods */ = {
			isa = PBXGroup;
			children = (
				89768894D818A61B6D17017C /* Pods-NyaWeather (iOS).debug.xcconfig */,
				1E52918B05A098F005F72DC7 /* Pods-NyaWeather (iOS).release.xcconfig */,
				A242DC7F73ACA2C99AB73EC7 /* Pods-NyaWeather (macOS).debug.xcconfig */,
				18757067C068D39624BF89C3 /* Pods-NyaWeather (macOS).release.xcconfig */,
			);
			path = Pods;
			sourceTree = "<group>";
		};
		E34DE34426DEADD500B770FF = {
			isa = PBXGroup;
			children = (
				E34DE34926DEADD600B770FF /* Shared */,
				E34DE35626DEADDA00B770FF /* iOS */,
				E34DE35D26DEADDA00B770FF /* macOS */,
				E34DE35526DEADDA00B770FF /* Products */,
				BFFF68705B716A0F5903F7BE /* Pods */,
				2A5149F0AC844B2C12DB1DD9 /* Frameworks */,
			);
			sourceTree = "<group>";
		};
		E34DE34926DEADD600B770FF /* Shared */ = {
			isa = PBXGroup;
			children = (
				E382EC3A26DEB99A00C206D5 /* View */,
				E382EC3626DEB2FF00C206D5 /* Model */,
				E382EC2A26DEB13D00C206D5 /* Network */,
				E34DE34C26DEADD600B770FF /* NyaWeatherApp.swift */,
				E34DE34D26DEADD600B770FF /* ContentView.swift */,
				E34DE34E26DEADD600B770FF /* Persistence.swift */,
				E34DE34F26DEADDA00B770FF /* Assets.xcassets */,
				E34DE34A26DEADD600B770FF /* NyaWeather.xcdatamodeld */,
			);
			path = Shared;
			sourceTree = "<group>";
		};
		E34DE35526DEADDA00B770FF /* Products */ = {
			isa = PBXGroup;
			children = (
				E34DE35426DEADDA00B770FF /* NyaWeather.app */,
				E34DE35C26DEADDA00B770FF /* NyaWeather.app */,
			);
			name = Products;
			sourceTree = "<group>";
		};
		E34DE35626DEADDA00B770FF /* iOS */ = {
			isa = PBXGroup;
			children = (
				E34DE35726DEADDA00B770FF /* Info.plist */,
			);
			path = iOS;
			sourceTree = "<group>";
		};
		E34DE35D26DEADDA00B770FF /* macOS */ = {
			isa = PBXGroup;
			children = (
				E34DE35E26DEADDA00B770FF /* Info.plist */,
				E34DE35F26DEADDA00B770FF /* macOS.entitlements */,
			);
			path = macOS;
			sourceTree = "<group>";
		};
		E382EC2A26DEB13D00C206D5 /* Network */ = {
			isa = PBXGroup;
			children = (
				E382EC2D26DEB19400C206D5 /* RealmService.swift */,
				E382EC3026DEB27300C206D5 /* NetworkService.swift */,
				E382EC3326DEB2D900C206D5 /* ApiRequest.swift */,
			);
			path = Network;
			sourceTree = "<group>";
		};
		E382EC3626DEB2FF00C206D5 /* Model */ = {
			isa = PBXGroup;
			children = (
				E382EC3726DEB32E00C206D5 /* WeatherModel.swift */,
			);
			path = Model;
			sourceTree = "<group>";
		};
		E382EC3A26DEB99A00C206D5 /* View */ = {
			isa = PBXGroup;
			children = (
				E382EC3B26DEB9B100C206D5 /* WeatherView.swift */,
			);
			path = View;
			sourceTree = "<group>";
		};
/* End PBXGroup section */

/* Begin PBXNativeTarget section */
		E34DE35326DEADDA00B770FF /* NyaWeather (iOS) */ = {
			isa = PBXNativeTarget;
			buildConfigurationList = E34DE36C26DEADDA00B770FF /* Build configuration list for PBXNativeTarget "NyaWeather (iOS)" */;
			buildPhases = (
				11D82D3735C339AF326E5585 /* [CP] Check Pods Manifest.lock */,
				E34DE35026DEADDA00B770FF /* Sources */,
				E34DE35126DEADDA00B770FF /* Frameworks */,
				E34DE35226DEADDA00B770FF /* Resources */,
				024E633C56B66EA68BC117C5 /* [CP] Embed Pods Frameworks */,
			);
			buildRules = (
			);
			dependencies = (
			);
			name = "NyaWeather (iOS)";
			productName = "NyaWeather (iOS)";
			productReference = E34DE35426DEADDA00B770FF /* NyaWeather.app */;
			productType = "com.apple.product-type.application";
		};
		E34DE35B26DEADDA00B770FF /* NyaWeather (macOS) */ = {
			isa = PBXNativeTarget;
			buildConfigurationList = E34DE36F26DEADDA00B770FF /* Build configuration list for PBXNativeTarget "NyaWeather (macOS)" */;
			buildPhases = (
				3F79285D80B35CDA96230FE6 /* [CP] Check Pods Manifest.lock */,
				E34DE35826DEADDA00B770FF /* Sources */,
				E34DE35926DEADDA00B770FF /* Frameworks */,
				E34DE35A26DEADDA00B770FF /* Resources */,
			);
			buildRules = (
			);
			dependencies = (
			);
			name = "NyaWeather (macOS)";
			productName = "NyaWeather (macOS)";
			productReference = E34DE35C26DEADDA00B770FF /* NyaWeather.app */;
			productType = "com.apple.product-type.application";
		};
/* End PBXNativeTarget section */

/* Begin PBXProject section */
		E34DE34526DEADD500B770FF /* Project object */ = {
			isa = PBXProject;
			attributes = {
				LastSwiftUpdateCheck = 1250;
				LastUpgradeCheck = 1250;
				TargetAttributes = {
					E34DE35326DEADDA00B770FF = {
						CreatedOnToolsVersion = 12.5.1;
					};
					E34DE35B26DEADDA00B770FF = {
						CreatedOnToolsVersion = 12.5.1;
					};
				};
			};
			buildConfigurationList = E34DE34826DEADD500B770FF /* Build configuration list for PBXProject "NyaWeather" */;
			compatibilityVersion = "Xcode 9.3";
			developmentRegion = en;
			hasScannedForEncodings = 0;
			knownRegions = (
				en,
				Base,
			);
			mainGroup = E34DE34426DEADD500B770FF;
			productRefGroup = E34DE35526DEADDA00B770FF /* Products */;
			projectDirPath = "";
			projectRoot = "";
			targets = (
				E34DE35326DEADDA00B770FF /* NyaWeather (iOS) */,
				E34DE35B26DEADDA00B770FF /* NyaWeather (macOS) */,
			);
		};
/* End PBXProject section */

/* Begin PBXResourcesBuildPhase section */
		E34DE35226DEADDA00B770FF /* Resources */ = {
			isa = PBXResourcesBuildPhase;
			buildActionMask = 2147483647;
			files = (
				E34DE36826DEADDA00B770FF /* Assets.xcassets in Resources */,
			);
			runOnlyForDeploymentPostprocessing = 0;
		};
		E34DE35A26DEADDA00B770FF /* Resources */ = {
			isa = PBXResourcesBuildPhase;
			buildActionMask = 2147483647;
			files = (
				E34DE36926DEADDA00B770FF /* Assets.xcassets in Resources */,
			);
			runOnlyForDeploymentPostprocessing = 0;
		};
/* End PBXResourcesBuildPhase section */

/* Begin PBXShellScriptBuildPhase section */
		024E633C56B66EA68BC117C5 /* [CP] Embed Pods Frameworks */ = {
			isa = PBXShellScriptBuildPhase;
			buildActionMask = 2147483647;
			files = (
			);
			inputFileListPaths = (
				"${PODS_ROOT}/Target Support Files/Pods-NyaWeather (iOS)/Pods-NyaWeather (iOS)-frameworks-${CONFIGURATION}-input-files.xcfilelist",
			);
			name = "[CP] Embed Pods Frameworks";
			outputFileListPaths = (
				"${PODS_ROOT}/Target Support Files/Pods-NyaWeather (iOS)/Pods-NyaWeather (iOS)-frameworks-${CONFIGURATION}-output-files.xcfilelist",
			);
			runOnlyForDeploymentPostprocessing = 0;
			shellPath = /bin/sh;
			shellScript = "\"${PODS_ROOT}/Target Support Files/Pods-NyaWeather (iOS)/Pods-NyaWeather (iOS)-frameworks.sh\"\n";
			showEnvVarsInLog = 0;
		};
		11D82D3735C339AF326E5585 /* [CP] Check Pods Manifest.lock */ = {
			isa = PBXShellScriptBuildPhase;
			buildActionMask = 2147483647;
			files = (
			);
			inputFileListPaths = (
			);
			inputPaths = (
				"${PODS_PODFILE_DIR_PATH}/Podfile.lock",
				"${PODS_ROOT}/Manifest.lock",
			);
			name = "[CP] Check Pods Manifest.lock";
			outputFileListPaths = (
			);
			outputPaths = (
				"$(DERIVED_FILE_DIR)/Pods-NyaWeather (iOS)-checkManifestLockResult.txt",
			);
			runOnlyForDeploymentPostprocessing = 0;
			shellPath = /bin/sh;
			shellScript = "diff \"${PODS_PODFILE_DIR_PATH}/Podfile.lock\" \"${PODS_ROOT}/Manifest.lock\" > /dev/null\nif [ $? != 0 ] ; then\n    # print error to STDERR\n    echo \"error: The sandbox is not in sync with the Podfile.lock. Run 'pod install' or update your CocoaPods installation.\" >&2\n    exit 1\nfi\n# This output is used by Xcode 'outputs' to avoid re-running this script phase.\necho \"SUCCESS\" > \"${SCRIPT_OUTPUT_FILE_0}\"\n";
			showEnvVarsInLog = 0;
		};
		3F79285D80B35CDA96230FE6 /* [CP] Check Pods Manifest.lock */ = {
			isa = PBXShellScriptBuildPhase;
			buildActionMask = 2147483647;
			files = (
			);
			inputFileListPaths = (
			);
			inputPaths = (
				"${PODS_PODFILE_DIR_PATH}/Podfile.lock",
				"${PODS_ROOT}/Manifest.lock",
			);
			name = "[CP] Check Pods Manifest.lock";
			outputFileListPaths = (
			);
			outputPaths = (
				"$(DERIVED_FILE_DIR)/Pods-NyaWeather (macOS)-checkManifestLockResult.txt",
			);
			runOnlyForDeploymentPostprocessing = 0;
			shellPath = /bin/sh;
			shellScript = "diff \"${PODS_PODFILE_DIR_PATH}/Podfile.lock\" \"${PODS_ROOT}/Manifest.lock\" > /dev/null\nif [ $? != 0 ] ; then\n    # print error to STDERR\n    echo \"error: The sandbox is not in sync with the Podfile.lock. Run 'pod install' or update your CocoaPods installation.\" >&2\n    exit 1\nfi\n# This output is used by Xcode 'outputs' to avoid re-running this script phase.\necho \"SUCCESS\" > \"${SCRIPT_OUTPUT_FILE_0}\"\n";
			showEnvVarsInLog = 0;
		};
/* End PBXShellScriptBuildPhase section */

/* Begin PBXSourcesBuildPhase section */
		E34DE35026DEADDA00B770FF /* Sources */ = {
			isa = PBXSourcesBuildPhase;
			buildActionMask = 2147483647;
			files = (
				E382EC3826DEB32E00C206D5 /* WeatherModel.swift in Sources */,
				E34DE36026DEADDA00B770FF /* NyaWeather.xcdatamodeld in Sources */,
				E34DE36626DEADDA00B770FF /* Persistence.swift in Sources */,
				E34DE36226DEADDA00B770FF /* NyaWeatherApp.swift in Sources */,
				E34DE36426DEADDA00B770FF /* ContentView.swift in Sources */,
				E382EC3126DEB27300C206D5 /* NetworkService.swift in Sources */,
				E382EC3C26DEB9B100C206D5 /* WeatherView.swift in Sources */,
				E382EC3426DEB2D900C206D5 /* ApiRequest.swift in Sources */,
				E382EC2E26DEB19400C206D5 /* RealmService.swift in Sources */,
			);
			runOnlyForDeploymentPostprocessing = 0;
		};
		E34DE35826DEADDA00B770FF /* Sources */ = {
			isa = PBXSourcesBuildPhase;
			buildActionMask = 2147483647;
			files = (
				E382EC3926DEB32E00C206D5 /* WeatherModel.swift in Sources */,
				E34DE36126DEADDA00B770FF /* NyaWeather.xcdatamodeld in Sources */,
				E34DE36726DEADDA00B770FF /* Persistence.swift in Sources */,
				E34DE36326DEADDA00B770FF /* NyaWeatherApp.swift in Sources */,
				E34DE36526DEADDA00B770FF /* ContentView.swift in Sources */,
				E382EC3226DEB27300C206D5 /* NetworkService.swift in Sources */,
				E382EC3D26DEB9B100C206D5 /* WeatherView.swift in Sources */,
				E382EC3526DEB2D900C206D5 /* ApiRequest.swift in Sources */,
				E382EC2F26DEB19400C206D5 /* RealmService.swift in Sources */,
			);
			runOnlyForDeploymentPostprocessing = 0;
		};
/* End PBXSourcesBuildPhase section */

/* Begin XCBuildConfiguration section */
		E34DE36A26DEADDA00B770FF /* Debug */ = {
			isa = XCBuildConfiguration;
			buildSettings = {
				ALWAYS_SEARCH_USER_PATHS = NO;
				CLANG_ANALYZER_NONNULL = YES;
				CLANG_ANALYZER_NUMBER_OBJECT_CONVERSION = YES_AGGRESSIVE;
				CLANG_CXX_LANGUAGE_STANDARD = "gnu++14";
				CLANG_CXX_LIBRARY = "libc++";
				CLANG_ENABLE_MODULES = YES;
				CLANG_ENABLE_OBJC_ARC = YES;
				CLANG_ENABLE_OBJC_WEAK = YES;
				CLANG_WARN_BLOCK_CAPTURE_AUTORELEASING = YES;
				CLANG_WARN_BOOL_CONVERSION = YES;
				CLANG_WARN_COMMA = YES;
				CLANG_WARN_CONSTANT_CONVERSION = YES;
				CLANG_WARN_DEPRECATED_OBJC_IMPLEMENTATIONS = YES;
				CLANG_WARN_DIRECT_OBJC_ISA_USAGE = YES_ERROR;
				CLANG_WARN_DOCUMENTATION_COMMENTS = YES;
				CLANG_WARN_EMPTY_BODY = YES;
				CLANG_WARN_ENUM_CONVERSION = YES;
				CLANG_WARN_INFINITE_RECURSION = YES;
				CLANG_WARN_INT_CONVERSION = YES;
				CLANG_WARN_NON_LITERAL_NULL_CONVERSION = YES;
				CLANG_WARN_OBJC_IMPLICIT_RETAIN_SELF = YES;
				CLANG_WARN_OBJC_LITERAL_CONVERSION = YES;
				CLANG_WARN_OBJC_ROOT_CLASS = YES_ERROR;
				CLANG_WARN_QUOTED_INCLUDE_IN_FRAMEWORK_HEADER = YES;
				CLANG_WARN_RANGE_LOOP_ANALYSIS = YES;
				CLANG_WARN_STRICT_PROTOTYPES = YES;
				CLANG_WARN_SUSPICIOUS_MOVE = YES;
				CLANG_WARN_UNGUARDED_AVAILABILITY = YES_AGGRESSIVE;
				CLANG_WARN_UNREACHABLE_CODE = YES;
				CLANG_WARN__DUPLICATE_METHOD_MATCH = YES;
				COPY_PHASE_STRIP = NO;
				DEBUG_INFORMATION_FORMAT = dwarf;
				ENABLE_STRICT_OBJC_MSGSEND = YES;
				ENABLE_TESTABILITY = YES;
				GCC_C_LANGUAGE_STANDARD = gnu11;
				GCC_DYNAMIC_NO_PIC = NO;
				GCC_NO_COMMON_BLOCKS = YES;
				GCC_OPTIMIZATION_LEVEL = 0;
				GCC_PREPROCESSOR_DEFINITIONS = (
					"DEBUG=1",
					"$(inherited)",
				);
				GCC_WARN_64_TO_32_BIT_CONVERSION = YES;
				GCC_WARN_ABOUT_RETURN_TYPE = YES_ERROR;
				GCC_WARN_UNDECLARED_SELECTOR = YES;
				GCC_WARN_UNINITIALIZED_AUTOS = YES_AGGRESSIVE;
				GCC_WARN_UNUSED_FUNCTION = YES;
				GCC_WARN_UNUSED_VARIABLE = YES;
				MTL_ENABLE_DEBUG_INFO = INCLUDE_SOURCE;
				MTL_FAST_MATH = YES;
				ONLY_ACTIVE_ARCH = YES;
				SWIFT_ACTIVE_COMPILATION_CONDITIONS = DEBUG;
				SWIFT_OPTIMIZATION_LEVEL = "-Onone";
			};
			name = Debug;
		};
		E34DE36B26DEADDA00B770FF /* Release */ = {
			isa = XCBuildConfiguration;
			buildSettings = {
				ALWAYS_SEARCH_USER_PATHS = NO;
				CLANG_ANALYZER_NONNULL = YES;
				CLANG_ANALYZER_NUMBER_OBJECT_CONVERSION = YES_AGGRESSIVE;
				CLANG_CXX_LANGUAGE_STANDARD = "gnu++14";
				CLANG_CXX_LIBRARY = "libc++";
				CLANG_ENABLE_MODULES = YES;
				CLANG_ENABLE_OBJC_ARC = YES;
				CLANG_ENABLE_OBJC_WEAK = YES;
				CLANG_WARN_BLOCK_CAPTURE_AUTORELEASING = YES;
				CLANG_WARN_BOOL_CONVERSION = YES;
				CLANG_WARN_COMMA = YES;
				CLANG_WARN_CONSTANT_CONVERSION = YES;
				CLANG_WARN_DEPRECATED_OBJC_IMPLEMENTATIONS = YES;
				CLANG_WARN_DIRECT_OBJC_ISA_USAGE = YES_ERROR;
				CLANG_WARN_DOCUMENTATION_COMMENTS = YES;
				CLANG_WARN_EMPTY_BODY = YES;
				CLANG_WARN_ENUM_CONVERSION = YES;
				CLANG_WARN_INFINITE_RECURSION = YES;
				CLANG_WARN_INT_CONVERSION = YES;
				CLANG_WARN_NON_LITERAL_NULL_CONVERSION = YES;
				CLANG_WARN_OBJC_IMPLICIT_RETAIN_SELF = YES;
				CLANG_WARN_OBJC_LITERAL_CONVERSION = YES;
				CLANG_WARN_OBJC_ROOT_CLASS = YES_ERROR;
				CLANG_WARN_QUOTED_INCLUDE_IN_FRAMEWORK_HEADER = YES;
				CLANG_WARN_RANGE_LOOP_ANALYSIS = YES;
				CLANG_WARN_STRICT_PROTOTYPES = YES;
				CLANG_WARN_SUSPICIOUS_MOVE = YES;
				CLANG_WARN_UNGUARDED_AVAILABILITY = YES_AGGRESSIVE;
				CLANG_WARN_UNREACHABLE_CODE = YES;
				CLANG_WARN__DUPLICATE_METHOD_MATCH = YES;
				COPY_PHASE_STRIP = NO;
				DEBUG_INFORMATION_FORMAT = "dwarf-with-dsym";
				ENABLE_NS_ASSERTIONS = NO;
				ENABLE_STRICT_OBJC_MSGSEND = YES;
				GCC_C_LANGUAGE_STANDARD = gnu11;
				GCC_NO_COMMON_BLOCKS = YES;
				GCC_WARN_64_TO_32_BIT_CONVERSION = YES;
				GCC_WARN_ABOUT_RETURN_TYPE = YES_ERROR;
				GCC_WARN_UNDECLARED_SELECTOR = YES;
				GCC_WARN_UNINITIALIZED_AUTOS = YES_AGGRESSIVE;
				GCC_WARN_UNUSED_FUNCTION = YES;
				GCC_WARN_UNUSED_VARIABLE = YES;
				MTL_ENABLE_DEBUG_INFO = NO;
				MTL_FAST_MATH = YES;
				SWIFT_COMPILATION_MODE = wholemodule;
				SWIFT_OPTIMIZATION_LEVEL = "-O";
			};
			name = Release;
		};
		E34DE36D26DEADDA00B770FF /* Debug */ = {
			isa = XCBuildConfiguration;
			baseConfigurationReference = 89768894D818A61B6D17017C /* Pods-NyaWeather (iOS).debug.xcconfig */;
			buildSettings = {
				ASSETCATALOG_COMPILER_APPICON_NAME = AppIcon;
				ASSETCATALOG_COMPILER_GLOBAL_ACCENT_COLOR_NAME = AccentColor;
				CODE_SIGN_STYLE = Automatic;
				DEVELOPMENT_TEAM = HM37P8L339;
				ENABLE_PREVIEWS = YES;
				INFOPLIST_FILE = iOS/Info.plist;
				IPHONEOS_DEPLOYMENT_TARGET = 14.0;
				LD_RUNPATH_SEARCH_PATHS = (
					"$(inherited)",
					"@executable_path/Frameworks",
				);
				PRODUCT_BUNDLE_IDENTIFIER = tech.hiwawa.NyaWeather;
				PRODUCT_NAME = NyaWeather;
				SDKROOT = iphoneos;
				SWIFT_VERSION = 5.0;
				TARGETED_DEVICE_FAMILY = "1,2";
			};
			name = Debug;
		};
		E34DE36E26DEADDA00B770FF /* Release */ = {
			isa = XCBuildConfiguration;
			baseConfigurationReference = 1E52918B05A098F005F72DC7 /* Pods-NyaWeather (iOS).release.xcconfig */;
			buildSettings = {
				ASSETCATALOG_COMPILER_APPICON_NAME = AppIcon;
				ASSETCATALOG_COMPILER_GLOBAL_ACCENT_COLOR_NAME = AccentColor;
				CODE_SIGN_STYLE = Automatic;
				DEVELOPMENT_TEAM = HM37P8L339;
				ENABLE_PREVIEWS = YES;
				INFOPLIST_FILE = iOS/Info.plist;
				IPHONEOS_DEPLOYMENT_TARGET = 14.0;
				LD_RUNPATH_SEARCH_PATHS = (
					"$(inherited)",
					"@executable_path/Frameworks",
				);
				PRODUCT_BUNDLE_IDENTIFIER = tech.hiwawa.NyaWeather;
				PRODUCT_NAME = NyaWeather;
				SDKROOT = iphoneos;
				SWIFT_VERSION = 5.0;
				TARGETED_DEVICE_FAMILY = "1,2";
				VALIDATE_PRODUCT = YES;
			};
			name = Release;
		};
		E34DE37026DEADDA00B770FF /* Debug */ = {
			isa = XCBuildConfiguration;
			baseConfigurationReference = A242DC7F73ACA2C99AB73EC7 /* Pods-NyaWeather (macOS).debug.xcconfig */;
			buildSettings = {
				ASSETCATALOG_COMPILER_APPICON_NAME = AppIcon;
				ASSETCATALOG_COMPILER_GLOBAL_ACCENT_COLOR_NAME = AccentColor;
				CODE_SIGN_ENTITLEMENTS = macOS/macOS.entitlements;
				CODE_SIGN_STYLE = Automatic;
				COMBINE_HIDPI_IMAGES = YES;
				DEVELOPMENT_TEAM = HM37P8L339;
				ENABLE_HARDENED_RUNTIME = YES;
				ENABLE_PREVIEWS = YES;
				INFOPLIST_FILE = macOS/Info.plist;
				LD_RUNPATH_SEARCH_PATHS = (
					"$(inherited)",
					"@executable_path/../Frameworks",
				);
				MACOSX_DEPLOYMENT_TARGET = 11.0;
				PRODUCT_BUNDLE_IDENTIFIER = tech.hiwawa.NyaWeather;
				PRODUCT_NAME = NyaWeather;
				SDKROOT = macosx;
				SWIFT_VERSION = 5.0;
			};
			name = Debug;
		};
		E34DE37126DEADDA00B770FF /* Release */ = {
			isa = XCBuildConfiguration;
			baseConfigurationReference = 18757067C068D39624BF89C3 /* Pods-NyaWeather (macOS).release.xcconfig */;
			buildSettings = {
				ASSETCATALOG_COMPILER_APPICON_NAME = AppIcon;
				ASSETCATALOG_COMPILER_GLOBAL_ACCENT_COLOR_NAME = AccentColor;
				CODE_SIGN_ENTITLEMENTS = macOS/macOS.entitlements;
				CODE_SIGN_STYLE = Automatic;
				COMBINE_HIDPI_IMAGES = YES;
				DEVELOPMENT_TEAM = HM37P8L339;
				ENABLE_HARDENED_RUNTIME = YES;
				ENABLE_PREVIEWS = YES;
				INFOPLIST_FILE = macOS/Info.plist;
				LD_RUNPATH_SEARCH_PATHS = (
					"$(inherited)",
					"@executable_path/../Frameworks",
				);
				MACOSX_DEPLOYMENT_TARGET = 11.0;
				PRODUCT_BUNDLE_IDENTIFIER = tech.hiwawa.NyaWeather;
				PRODUCT_NAME = NyaWeather;
				SDKROOT = macosx;
				SWIFT_VERSION = 5.0;
			};
			name = Release;
		};
/* End XCBuildConfiguration section */

/* Begin XCConfigurationList section */
		E34DE34826DEADD500B770FF /* Build configuration list for PBXProject "NyaWeather" */ = {
			isa = XCConfigurationList;
			buildConfigurations = (
				E34DE36A26DEADDA00B770FF /* Debug */,
				E34DE36B26DEADDA00B770FF /* Release */,
			);
			defaultConfigurationIsVisible = 0;
			defaultConfigurationName = Release;
		};
		E34DE36C26DEADDA00B770FF /* Build configuration list for PBXNativeTarget "NyaWeather (iOS)" */ = {
			isa = XCConfigurationList;
			buildConfigurations = (
				E34DE36D26DEADDA00B770FF /* Debug */,
				E34DE36E26DEADDA00B770FF /* Release */,
			);
			defaultConfigurationIsVisible = 0;
			defaultConfigurationName = Release;
		};
		E34DE36F26DEADDA00B770FF /* Build configuration list for PBXNativeTarget "NyaWeather (macOS)" */ = {
			isa = XCConfigurationList;
			buildConfigurations = (
				E34DE37026DEADDA00B770FF /* Debug */,
				E34DE37126DEADDA00B770FF /* Release */,
			);
			defaultConfigurationIsVisible = 0;
			defaultConfigurationName = Release;
		};
/* End XCConfigurationList section */

/* Begin XCVersionGroup section */
		E34DE34A26DEADD600B770FF /* NyaWeather.xcdatamodeld */ = {
			isa = XCVersionGroup;
			children = (
				E34DE34B26DEADD600B770FF /* Shared.xcdatamodel */,
			);
			currentVersion = E34DE34B26DEADD600B770FF /* Shared.xcdatamodel */;
			path = NyaWeather.xcdatamodeld;
			sourceTree = "<group>";
			versionGroupType = wrapper.xcdatamodel;
		};
/* End XCVersionGroup section */
	};
	rootObject = E34DE34526DEADD500B770FF /* Project object */;
}
