// !$*UTF8*$!
{
	archiveVersion = 1;
	classes = {
	};
	objectVersion = 55;
	objects = {

/* Begin PBXBuildFile section */
		E374D73928267BDD0040C9C7 /* NyaWeatherApp.swift in Sources */ = {isa = PBXBuildFile; fileRef = E374D73828267BDD0040C9C7 /* NyaWeatherApp.swift */; };
		E374D73B28267BDD0040C9C7 /* ContentView.swift in Sources */ = {isa = PBXBuildFile; fileRef = E374D73A28267BDD0040C9C7 /* ContentView.swift */; };
		E374D73D28267BE10040C9C7 /* Assets.xcassets in Resources */ = {isa = PBXBuildFile; fileRef = E374D73C28267BE10040C9C7 /* Assets.xcassets */; };
		E374D74028267BE10040C9C7 /* Preview Assets.xcassets in Resources */ = {isa = PBXBuildFile; fileRef = E374D73F28267BE10040C9C7 /* Preview Assets.xcassets */; };
		E374D74428267BE10040C9C7 /* NyaWeather WatchKit App.app in Embed Watch Content */ = {isa = PBXBuildFile; fileRef = E374D74328267BE10040C9C7 /* NyaWeather WatchKit App.app */; settings = {ATTRIBUTES = (RemoveHeadersOnCopy, ); }; };
		E374D74928267BE20040C9C7 /* Assets.xcassets in Resources */ = {isa = PBXBuildFile; fileRef = E374D74828267BE20040C9C7 /* Assets.xcassets */; };
		E374D74F28267BE20040C9C7 /* NyaWeather WatchKit Extension.appex in Embed App Extensions */ = {isa = PBXBuildFile; fileRef = E374D74E28267BE20040C9C7 /* NyaWeather WatchKit Extension.appex */; settings = {ATTRIBUTES = (RemoveHeadersOnCopy, ); }; };
		E374D75428267BE20040C9C7 /* ContentView.swift in Sources */ = {isa = PBXBuildFile; fileRef = E374D75328267BE20040C9C7 /* ContentView.swift */; };
		E374D75628267BE20040C9C7 /* NyaWeatherApp.swift in Sources */ = {isa = PBXBuildFile; fileRef = E374D75528267BE20040C9C7 /* NyaWeatherApp.swift */; };
		E374D75828267BE20040C9C7 /* ComplicationController.swift in Sources */ = {isa = PBXBuildFile; fileRef = E374D75728267BE20040C9C7 /* ComplicationController.swift */; };
		E374D75A28267BE40040C9C7 /* Assets.xcassets in Resources */ = {isa = PBXBuildFile; fileRef = E374D75928267BE40040C9C7 /* Assets.xcassets */; };
		E374D75D28267BE40040C9C7 /* Preview Assets.xcassets in Resources */ = {isa = PBXBuildFile; fileRef = E374D75C28267BE40040C9C7 /* Preview Assets.xcassets */; };
/* End PBXBuildFile section */

/* Begin PBXContainerItemProxy section */
		E374D74528267BE10040C9C7 /* PBXContainerItemProxy */ = {
			isa = PBXContainerItemProxy;
			containerPortal = E374D72D28267BDD0040C9C7 /* Project object */;
			proxyType = 1;
			remoteGlobalIDString = E374D74228267BE10040C9C7;
			remoteInfo = "NyaWeather WatchKit App";
		};
		E374D75028267BE20040C9C7 /* PBXContainerItemProxy */ = {
			isa = PBXContainerItemProxy;
			containerPortal = E374D72D28267BDD0040C9C7 /* Project object */;
			proxyType = 1;
			remoteGlobalIDString = E374D74D28267BE20040C9C7;
			remoteInfo = "NyaWeather WatchKit Extension";
		};
/* End PBXContainerItemProxy section */

/* Begin PBXCopyFilesBuildPhase section */
		E374D76428267BE40040C9C7 /* Embed App Extensions */ = {
			isa = PBXCopyFilesBuildPhase;
			buildActionMask = 2147483647;
			dstPath = "";
			dstSubfolderSpec = 13;
			files = (
				E374D74F28267BE20040C9C7 /* NyaWeather WatchKit Extension.appex in Embed App Extensions */,
			);
			name = "Embed App Extensions";
			runOnlyForDeploymentPostprocessing = 0;
		};
		E374D76828267BE40040C9C7 /* Embed Watch Content */ = {
			isa = PBXCopyFilesBuildPhase;
			buildActionMask = 2147483647;
			dstPath = "$(CONTENTS_FOLDER_PATH)/Watch";
			dstSubfolderSpec = 16;
			files = (
				E374D74428267BE10040C9C7 /* NyaWeather WatchKit App.app in Embed Watch Content */,
			);
			name = "Embed Watch Content";
			runOnlyForDeploymentPostprocessing = 0;
		};
/* End PBXCopyFilesBuildPhase section */

/* Begin PBXFileReference section */
		E374D73528267BDD0040C9C7 /* NyaWeather.app */ = {isa = PBXFileReference; explicitFileType = wrapper.application; includeInIndex = 0; path = NyaWeather.app; sourceTree = BUILT_PRODUCTS_DIR; };
		E374D73828267BDD0040C9C7 /* NyaWeatherApp.swift */ = {isa = PBXFileReference; lastKnownFileType = sourcecode.swift; path = NyaWeatherApp.swift; sourceTree = "<group>"; };
		E374D73A28267BDD0040C9C7 /* ContentView.swift */ = {isa = PBXFileReference; lastKnownFileType = sourcecode.swift; path = ContentView.swift; sourceTree = "<group>"; };
		E374D73C28267BE10040C9C7 /* Assets.xcassets */ = {isa = PBXFileReference; lastKnownFileType = folder.assetcatalog; path = Assets.xcassets; sourceTree = "<group>"; };
		E374D73F28267BE10040C9C7 /* Preview Assets.xcassets */ = {isa = PBXFileReference; lastKnownFileType = folder.assetcatalog; path = "Preview Assets.xcassets"; sourceTree = "<group>"; };
		E374D74328267BE10040C9C7 /* NyaWeather WatchKit App.app */ = {isa = PBXFileReference; explicitFileType = wrapper.application; includeInIndex = 0; path = "NyaWeather WatchKit App.app"; sourceTree = BUILT_PRODUCTS_DIR; };
		E374D74828267BE20040C9C7 /* Assets.xcassets */ = {isa = PBXFileReference; lastKnownFileType = folder.assetcatalog; path = Assets.xcassets; sourceTree = "<group>"; };
		E374D74E28267BE20040C9C7 /* NyaWeather WatchKit Extension.appex */ = {isa = PBXFileReference; explicitFileType = "wrapper.app-extension"; includeInIndex = 0; path = "NyaWeather WatchKit Extension.appex"; sourceTree = BUILT_PRODUCTS_DIR; };
		E374D75328267BE20040C9C7 /* ContentView.swift */ = {isa = PBXFileReference; lastKnownFileType = sourcecode.swift; path = ContentView.swift; sourceTree = "<group>"; };
		E374D75528267BE20040C9C7 /* NyaWeatherApp.swift */ = {isa = PBXFileReference; lastKnownFileType = sourcecode.swift; path = NyaWeatherApp.swift; sourceTree = "<group>"; };
		E374D75728267BE20040C9C7 /* ComplicationController.swift */ = {isa = PBXFileReference; lastKnownFileType = sourcecode.swift; path = ComplicationController.swift; sourceTree = "<group>"; };
		E374D75928267BE40040C9C7 /* Assets.xcassets */ = {isa = PBXFileReference; lastKnownFileType = folder.assetcatalog; path = Assets.xcassets; sourceTree = "<group>"; };
		E374D75C28267BE40040C9C7 /* Preview Assets.xcassets */ = {isa = PBXFileReference; lastKnownFileType = folder.assetcatalog; path = "Preview Assets.xcassets"; sourceTree = "<group>"; };
		E374D75E28267BE40040C9C7 /* Info.plist */ = {isa = PBXFileReference; lastKnownFileType = text.plist.xml; path = Info.plist; sourceTree = "<group>"; };
/* End PBXFileReference section */

/* Begin PBXFrameworksBuildPhase section */
		E374D73228267BDD0040C9C7 /* Frameworks */ = {
			isa = PBXFrameworksBuildPhase;
			buildActionMask = 2147483647;
			files = (
			);
			runOnlyForDeploymentPostprocessing = 0;
		};
		E374D74B28267BE20040C9C7 /* Frameworks */ = {
			isa = PBXFrameworksBuildPhase;
			buildActionMask = 2147483647;
			files = (
			);
			runOnlyForDeploymentPostprocessing = 0;
		};
/* End PBXFrameworksBuildPhase section */

/* Begin PBXGroup section */
		E374D72C28267BDD0040C9C7 = {
			isa = PBXGroup;
			children = (
				E374D73728267BDD0040C9C7 /* NyaWeather */,
				E374D74728267BE10040C9C7 /* NyaWeather WatchKit App */,
				E374D75228267BE20040C9C7 /* NyaWeather WatchKit Extension */,
				E374D73628267BDD0040C9C7 /* Products */,
			);
			sourceTree = "<group>";
		};
		E374D73628267BDD0040C9C7 /* Products */ = {
			isa = PBXGroup;
			children = (
				E374D73528267BDD0040C9C7 /* NyaWeather.app */,
				E374D74328267BE10040C9C7 /* NyaWeather WatchKit App.app */,
				E374D74E28267BE20040C9C7 /* NyaWeather WatchKit Extension.appex */,
			);
			name = Products;
			sourceTree = "<group>";
		};
		E374D73728267BDD0040C9C7 /* NyaWeather */ = {
			isa = PBXGroup;
			children = (
				E374D73828267BDD0040C9C7 /* NyaWeatherApp.swift */,
				E374D73A28267BDD0040C9C7 /* ContentView.swift */,
				E374D73C28267BE10040C9C7 /* Assets.xcassets */,
				E374D73E28267BE10040C9C7 /* Preview Content */,
			);
			path = NyaWeather;
			sourceTree = "<group>";
		};
		E374D73E28267BE10040C9C7 /* Preview Content */ = {
			isa = PBXGroup;
			children = (
				E374D73F28267BE10040C9C7 /* Preview Assets.xcassets */,
			);
			path = "Preview Content";
			sourceTree = "<group>";
		};
		E374D74728267BE10040C9C7 /* NyaWeather WatchKit App */ = {
			isa = PBXGroup;
			children = (
				E374D74828267BE20040C9C7 /* Assets.xcassets */,
			);
			path = "NyaWeather WatchKit App";
			sourceTree = "<group>";
		};
		E374D75228267BE20040C9C7 /* NyaWeather WatchKit Extension */ = {
			isa = PBXGroup;
			children = (
				E374D75328267BE20040C9C7 /* ContentView.swift */,
				E374D75528267BE20040C9C7 /* NyaWeatherApp.swift */,
				E374D75728267BE20040C9C7 /* ComplicationController.swift */,
				E374D75928267BE40040C9C7 /* Assets.xcassets */,
				E374D75E28267BE40040C9C7 /* Info.plist */,
				E374D75B28267BE40040C9C7 /* Preview Content */,
			);
			path = "NyaWeather WatchKit Extension";
			sourceTree = "<group>";
		};
		E374D75B28267BE40040C9C7 /* Preview Content */ = {
			isa = PBXGroup;
			children = (
				E374D75C28267BE40040C9C7 /* Preview Assets.xcassets */,
			);
			path = "Preview Content";
			sourceTree = "<group>";
		};
/* End PBXGroup section */

/* Begin PBXNativeTarget section */
		E374D73428267BDD0040C9C7 /* NyaWeather */ = {
			isa = PBXNativeTarget;
			buildConfigurationList = E374D76928267BE40040C9C7 /* Build configuration list for PBXNativeTarget "NyaWeather" */;
			buildPhases = (
				E374D73128267BDD0040C9C7 /* Sources */,
				E374D73228267BDD0040C9C7 /* Frameworks */,
				E374D73328267BDD0040C9C7 /* Resources */,
				E374D76828267BE40040C9C7 /* Embed Watch Content */,
			);
			buildRules = (
			);
			dependencies = (
				E374D74628267BE10040C9C7 /* PBXTargetDependency */,
			);
			name = NyaWeather;
			productName = NyaWeather;
			productReference = E374D73528267BDD0040C9C7 /* NyaWeather.app */;
			productType = "com.apple.product-type.application";
		};
		E374D74228267BE10040C9C7 /* NyaWeather WatchKit App */ = {
			isa = PBXNativeTarget;
			buildConfigurationList = E374D76528267BE40040C9C7 /* Build configuration list for PBXNativeTarget "NyaWeather WatchKit App" */;
			buildPhases = (
				E374D74128267BE10040C9C7 /* Resources */,
				E374D76428267BE40040C9C7 /* Embed App Extensions */,
			);
			buildRules = (
			);
			dependencies = (
				E374D75128267BE20040C9C7 /* PBXTargetDependency */,
			);
			name = "NyaWeather WatchKit App";
			productName = "NyaWeather WatchKit App";
			productReference = E374D74328267BE10040C9C7 /* NyaWeather WatchKit App.app */;
			productType = "com.apple.product-type.application.watchapp2";
		};
		E374D74D28267BE20040C9C7 /* NyaWeather WatchKit Extension */ = {
			isa = PBXNativeTarget;
			buildConfigurationList = E374D76128267BE40040C9C7 /* Build configuration list for PBXNativeTarget "NyaWeather WatchKit Extension" */;
			buildPhases = (
				E374D74A28267BE20040C9C7 /* Sources */,
				E374D74B28267BE20040C9C7 /* Frameworks */,
				E374D74C28267BE20040C9C7 /* Resources */,
			);
			buildRules = (
			);
			dependencies = (
			);
			name = "NyaWeather WatchKit Extension";
			productName = "NyaWeather WatchKit Extension";
			productReference = E374D74E28267BE20040C9C7 /* NyaWeather WatchKit Extension.appex */;
			productType = "com.apple.product-type.watchkit2-extension";
		};
/* End PBXNativeTarget section */

/* Begin PBXProject section */
		E374D72D28267BDD0040C9C7 /* Project object */ = {
			isa = PBXProject;
			attributes = {
				BuildIndependentTargetsInParallel = 1;
				LastSwiftUpdateCheck = 1330;
				LastUpgradeCheck = 1330;
				TargetAttributes = {
					E374D73428267BDD0040C9C7 = {
						CreatedOnToolsVersion = 13.3.1;
					};
					E374D74228267BE10040C9C7 = {
						CreatedOnToolsVersion = 13.3.1;
					};
					E374D74D28267BE20040C9C7 = {
						CreatedOnToolsVersion = 13.3.1;
					};
				};
			};
			buildConfigurationList = E374D73028267BDD0040C9C7 /* Build configuration list for PBXProject "NyaWeather" */;
			compatibilityVersion = "Xcode 13.0";
			developmentRegion = en;
			hasScannedForEncodings = 0;
			knownRegions = (
				en,
				Base,
			);
			mainGroup = E374D72C28267BDD0040C9C7;
			productRefGroup = E374D73628267BDD0040C9C7 /* Products */;
			projectDirPath = "";
			projectRoot = "";
			targets = (
				E374D73428267BDD0040C9C7 /* NyaWeather */,
				E374D74228267BE10040C9C7 /* NyaWeather WatchKit App */,
				E374D74D28267BE20040C9C7 /* NyaWeather WatchKit Extension */,
			);
		};
/* End PBXProject section */

/* Begin PBXResourcesBuildPhase section */
		E374D73328267BDD0040C9C7 /* Resources */ = {
			isa = PBXResourcesBuildPhase;
			buildActionMask = 2147483647;
			files = (
				E374D74028267BE10040C9C7 /* Preview Assets.xcassets in Resources */,
				E374D73D28267BE10040C9C7 /* Assets.xcassets in Resources */,
			);
			runOnlyForDeploymentPostprocessing = 0;
		};
		E374D74128267BE10040C9C7 /* Resources */ = {
			isa = PBXResourcesBuildPhase;
			buildActionMask = 2147483647;
			files = (
				E374D74928267BE20040C9C7 /* Assets.xcassets in Resources */,
			);
			runOnlyForDeploymentPostprocessing = 0;
		};
		E374D74C28267BE20040C9C7 /* Resources */ = {
			isa = PBXResourcesBuildPhase;
			buildActionMask = 2147483647;
			files = (
				E374D75D28267BE40040C9C7 /* Preview Assets.xcassets in Resources */,
				E374D75A28267BE40040C9C7 /* Assets.xcassets in Resources */,
			);
			runOnlyForDeploymentPostprocessing = 0;
		};
/* End PBXResourcesBuildPhase section */

/* Begin PBXSourcesBuildPhase section */
		E374D73128267BDD0040C9C7 /* Sources */ = {
			isa = PBXSourcesBuildPhase;
			buildActionMask = 2147483647;
			files = (
				E374D73B28267BDD0040C9C7 /* ContentView.swift in Sources */,
				E374D73928267BDD0040C9C7 /* NyaWeatherApp.swift in Sources */,
			);
			runOnlyForDeploymentPostprocessing = 0;
		};
		E374D74A28267BE20040C9C7 /* Sources */ = {
			isa = PBXSourcesBuildPhase;
			buildActionMask = 2147483647;
			files = (
				E374D75428267BE20040C9C7 /* ContentView.swift in Sources */,
				E374D75628267BE20040C9C7 /* NyaWeatherApp.swift in Sources */,
				E374D75828267BE20040C9C7 /* ComplicationController.swift in Sources */,
			);
			runOnlyForDeploymentPostprocessing = 0;
		};
/* End PBXSourcesBuildPhase section */

/* Begin PBXTargetDependency section */
		E374D74628267BE10040C9C7 /* PBXTargetDependency */ = {
			isa = PBXTargetDependency;
			target = E374D74228267BE10040C9C7 /* NyaWeather WatchKit App */;
			targetProxy = E374D74528267BE10040C9C7 /* PBXContainerItemProxy */;
		};
		E374D75128267BE20040C9C7 /* PBXTargetDependency */ = {
			isa = PBXTargetDependency;
			target = E374D74D28267BE20040C9C7 /* NyaWeather WatchKit Extension */;
			targetProxy = E374D75028267BE20040C9C7 /* PBXContainerItemProxy */;
		};
/* End PBXTargetDependency section */

/* Begin XCBuildConfiguration section */
		E374D75F28267BE40040C9C7 /* Debug */ = {
			isa = XCBuildConfiguration;
			buildSettings = {
				ALWAYS_SEARCH_USER_PATHS = NO;
				CLANG_ANALYZER_NONNULL = YES;
				CLANG_ANALYZER_NUMBER_OBJECT_CONVERSION = YES_AGGRESSIVE;
				CLANG_CXX_LANGUAGE_STANDARD = "gnu++17";
				CLANG_ENABLE_MODULES = YES;
				CLANG_ENABLE_OBJC_ARC = YES;
				CLANG_ENABLE_OBJC_WEAK = YES;
				CLANG_WARN_BLOCK_CAPTURE_AUTORELEASING = YES;
				CLANG_WARN_BOOL_CONVERSION = YES;
				CLANG_WARN_COMMA = YES;
				CLANG_WARN_CONSTANT_CONVERSION = YES;
				CLANG_WARN_DEPRECATED_OBJC_IMPLEMENTATIONS = YES;
				CLANG_WARN_DIRECT_OBJC_ISA_USAGE = YES_ERROR;
				CLANG_WARN_DOCUMENTATION_COMMENTS = YES;
				CLANG_WARN_EMPTY_BODY = YES;
				CLANG_WARN_ENUM_CONVERSION = YES;
				CLANG_WARN_INFINITE_RECURSION = YES;
				CLANG_WARN_INT_CONVERSION = YES;
				CLANG_WARN_NON_LITERAL_NULL_CONVERSION = YES;
				CLANG_WARN_OBJC_IMPLICIT_RETAIN_SELF = YES;
				CLANG_WARN_OBJC_LITERAL_CONVERSION = YES;
				CLANG_WARN_OBJC_ROOT_CLASS = YES_ERROR;
				CLANG_WARN_QUOTED_INCLUDE_IN_FRAMEWORK_HEADER = YES;
				CLANG_WARN_RANGE_LOOP_ANALYSIS = YES;
				CLANG_WARN_STRICT_PROTOTYPES = YES;
				CLANG_WARN_SUSPICIOUS_MOVE = YES;
				CLANG_WARN_UNGUARDED_AVAILABILITY = YES_AGGRESSIVE;
				CLANG_WARN_UNREACHABLE_CODE = YES;
				CLANG_WARN__DUPLICATE_METHOD_MATCH = YES;
				COPY_PHASE_STRIP = NO;
				DEBUG_INFORMATION_FORMAT = dwarf;
				ENABLE_STRICT_OBJC_MSGSEND = YES;
				ENABLE_TESTABILITY = YES;
				GCC_C_LANGUAGE_STANDARD = gnu11;
				GCC_DYNAMIC_NO_PIC = NO;
				GCC_NO_COMMON_BLOCKS = YES;
				GCC_OPTIMIZATION_LEVEL = 0;
				GCC_PREPROCESSOR_DEFINITIONS = (
					"DEBUG=1",
					"$(inherited)",
				);
				GCC_WARN_64_TO_32_BIT_CONVERSION = YES;
				GCC_WARN_ABOUT_RETURN_TYPE = YES_ERROR;
				GCC_WARN_UNDECLARED_SELECTOR = YES;
				GCC_WARN_UNINITIALIZED_AUTOS = YES_AGGRESSIVE;
				GCC_WARN_UNUSED_FUNCTION = YES;
				GCC_WARN_UNUSED_VARIABLE = YES;
				MTL_ENABLE_DEBUG_INFO = INCLUDE_SOURCE;
				MTL_FAST_MATH = YES;
				ONLY_ACTIVE_ARCH = YES;
				SWIFT_ACTIVE_COMPILATION_CONDITIONS = DEBUG;
				SWIFT_OPTIMIZATION_LEVEL = "-Onone";
			};
			name = Debug;
		};
		E374D76028267BE40040C9C7 /* Release */ = {
			isa = XCBuildConfiguration;
			buildSettings = {
				ALWAYS_SEARCH_USER_PATHS = NO;
				CLANG_ANALYZER_NONNULL = YES;
				CLANG_ANALYZER_NUMBER_OBJECT_CONVERSION = YES_AGGRESSIVE;
				CLANG_CXX_LANGUAGE_STANDARD = "gnu++17";
				CLANG_ENABLE_MODULES = YES;
				CLANG_ENABLE_OBJC_ARC = YES;
				CLANG_ENABLE_OBJC_WEAK = YES;
				CLANG_WARN_BLOCK_CAPTURE_AUTORELEASING = YES;
				CLANG_WARN_BOOL_CONVERSION = YES;
				CLANG_WARN_COMMA = YES;
				CLANG_WARN_CONSTANT_CONVERSION = YES;
				CLANG_WARN_DEPRECATED_OBJC_IMPLEMENTATIONS = YES;
				CLANG_WARN_DIRECT_OBJC_ISA_USAGE = YES_ERROR;
				CLANG_WARN_DOCUMENTATION_COMMENTS = YES;
				CLANG_WARN_EMPTY_BODY = YES;
				CLANG_WARN_ENUM_CONVERSION = YES;
				CLANG_WARN_INFINITE_RECURSION = YES;
				CLANG_WARN_INT_CONVERSION = YES;
				CLANG_WARN_NON_LITERAL_NULL_CONVERSION = YES;
				CLANG_WARN_OBJC_IMPLICIT_RETAIN_SELF = YES;
				CLANG_WARN_OBJC_LITERAL_CONVERSION = YES;
				CLANG_WARN_OBJC_ROOT_CLASS = YES_ERROR;
				CLANG_WARN_QUOTED_INCLUDE_IN_FRAMEWORK_HEADER = YES;
				CLANG_WARN_RANGE_LOOP_ANALYSIS = YES;
				CLANG_WARN_STRICT_PROTOTYPES = YES;
				CLANG_WARN_SUSPICIOUS_MOVE = YES;
				CLANG_WARN_UNGUARDED_AVAILABILITY = YES_AGGRESSIVE;
				CLANG_WARN_UNREACHABLE_CODE = YES;
				CLANG_WARN__DUPLICATE_METHOD_MATCH = YES;
				COPY_PHASE_STRIP = NO;
				DEBUG_INFORMATION_FORMAT = "dwarf-with-dsym";
				ENABLE_NS_ASSERTIONS = NO;
				ENABLE_STRICT_OBJC_MSGSEND = YES;
				GCC_C_LANGUAGE_STANDARD = gnu11;
				GCC_NO_COMMON_BLOCKS = YES;
				GCC_WARN_64_TO_32_BIT_CONVERSION = YES;
				GCC_WARN_ABOUT_RETURN_TYPE = YES_ERROR;
				GCC_WARN_UNDECLARED_SELECTOR = YES;
				GCC_WARN_UNINITIALIZED_AUTOS = YES_AGGRESSIVE;
				GCC_WARN_UNUSED_FUNCTION = YES;
				GCC_WARN_UNUSED_VARIABLE = YES;
				MTL_ENABLE_DEBUG_INFO = NO;
				MTL_FAST_MATH = YES;
				SWIFT_COMPILATION_MODE = wholemodule;
				SWIFT_OPTIMIZATION_LEVEL = "-O";
			};
			name = Release;
		};
		E374D76228267BE40040C9C7 /* Debug */ = {
			isa = XCBuildConfiguration;
			buildSettings = {
				ASSETCATALOG_COMPILER_COMPLICATION_NAME = Complication;
				CODE_SIGN_STYLE = Automatic;
				CURRENT_PROJECT_VERSION = 1;
				DEVELOPMENT_ASSET_PATHS = "\"NyaWeather WatchKit Extension/Preview Content\"";
				DEVELOPMENT_TEAM = HM37P8L339;
				ENABLE_PREVIEWS = YES;
				GENERATE_INFOPLIST_FILE = YES;
				INFOPLIST_FILE = "NyaWeather WatchKit Extension/Info.plist";
				INFOPLIST_KEY_CFBundleDisplayName = "NyaWeather WatchKit Extension";
				INFOPLIST_KEY_CLKComplicationPrincipalClass = "$(PRODUCT_MODULE_NAME).ComplicationController";
				INFOPLIST_KEY_NSHumanReadableCopyright = "";
				INFOPLIST_KEY_WKRunsIndependentlyOfCompanionApp = YES;
				LD_RUNPATH_SEARCH_PATHS = (
					"$(inherited)",
					"@executable_path/Frameworks",
					"@executable_path/../../Frameworks",
				);
				MARKETING_VERSION = 1.0;
				PRODUCT_BUNDLE_IDENTIFIER = tech.hiwawa.NyaWeather.watchkitapp.watchkitextension;
				PRODUCT_NAME = "${TARGET_NAME}";
				SDKROOT = watchos;
				SKIP_INSTALL = YES;
				SWIFT_EMIT_LOC_STRINGS = YES;
				SWIFT_VERSION = 5.0;
				TARGETED_DEVICE_FAMILY = 4;
				WATCHOS_DEPLOYMENT_TARGET = 8.5;
			};
			name = Debug;
		};
		E374D76328267BE40040C9C7 /* Release */ = {
			isa = XCBuildConfiguration;
			buildSettings = {
				ASSETCATALOG_COMPILER_COMPLICATION_NAME = Complication;
				CODE_SIGN_STYLE = Automatic;
				CURRENT_PROJECT_VERSION = 1;
				DEVELOPMENT_ASSET_PATHS = "\"NyaWeather WatchKit Extension/Preview Content\"";
				DEVELOPMENT_TEAM = HM37P8L339;
				ENABLE_PREVIEWS = YES;
				GENERATE_INFOPLIST_FILE = YES;
				INFOPLIST_FILE = "NyaWeather WatchKit Extension/Info.plist";
				INFOPLIST_KEY_CFBundleDisplayName = "NyaWeather WatchKit Extension";
				INFOPLIST_KEY_CLKComplicationPrincipalClass = "$(PRODUCT_MODULE_NAME).ComplicationController";
				INFOPLIST_KEY_NSHumanReadableCopyright = "";
				INFOPLIST_KEY_WKRunsIndependentlyOfCompanionApp = YES;
				LD_RUNPATH_SEARCH_PATHS = (
					"$(inherited)",
					"@executable_path/Frameworks",
					"@executable_path/../../Frameworks",
				);
				MARKETING_VERSION = 1.0;
				PRODUCT_BUNDLE_IDENTIFIER = tech.hiwawa.NyaWeather.watchkitapp.watchkitextension;
				PRODUCT_NAME = "${TARGET_NAME}";
				SDKROOT = watchos;
				SKIP_INSTALL = YES;
				SWIFT_EMIT_LOC_STRINGS = YES;
				SWIFT_VERSION = 5.0;
				TARGETED_DEVICE_FAMILY = 4;
				VALIDATE_PRODUCT = YES;
				WATCHOS_DEPLOYMENT_TARGET = 8.5;
			};
			name = Release;
		};
		E374D76628267BE40040C9C7 /* Debug */ = {
			isa = XCBuildConfiguration;
			buildSettings = {
				ALWAYS_EMBED_SWIFT_STANDARD_LIBRARIES = YES;
				ASSETCATALOG_COMPILER_APPICON_NAME = AppIcon;
				ASSETCATALOG_COMPILER_GLOBAL_ACCENT_COLOR_NAME = AccentColor;
				CODE_SIGN_STYLE = Automatic;
				CURRENT_PROJECT_VERSION = 1;
				DEVELOPMENT_TEAM = HM37P8L339;
				GENERATE_INFOPLIST_FILE = YES;
				IBSC_MODULE = NyaWeather_WatchKit_Extension;
				INFOPLIST_KEY_CFBundleDisplayName = "NyaWeather WatchKit App";
				INFOPLIST_KEY_UISupportedInterfaceOrientations = "UIInterfaceOrientationPortrait UIInterfaceOrientationPortraitUpsideDown";
				INFOPLIST_KEY_WKCompanionAppBundleIdentifier = tech.hiwawa.NyaWeather;
				MARKETING_VERSION = 1.0;
				PRODUCT_BUNDLE_IDENTIFIER = tech.hiwawa.NyaWeather.watchkitapp;
				PRODUCT_NAME = "$(TARGET_NAME)";
				SDKROOT = watchos;
				SKIP_INSTALL = YES;
				SWIFT_EMIT_LOC_STRINGS = YES;
				SWIFT_VERSION = 5.0;
				TARGETED_DEVICE_FAMILY = 4;
				WATCHOS_DEPLOYMENT_TARGET = 8.5;
			};
			name = Debug;
		};
		E374D76728267BE40040C9C7 /* Release */ = {
			isa = XCBuildConfiguration;
			buildSettings = {
				ALWAYS_EMBED_SWIFT_STANDARD_LIBRARIES = YES;
				ASSETCATALOG_COMPILER_APPICON_NAME = AppIcon;
				ASSETCATALOG_COMPILER_GLOBAL_ACCENT_COLOR_NAME = AccentColor;
				CODE_SIGN_STYLE = Automatic;
				CURRENT_PROJECT_VERSION = 1;
				DEVELOPMENT_TEAM = HM37P8L339;
				GENERATE_INFOPLIST_FILE = YES;
				IBSC_MODULE = NyaWeather_WatchKit_Extension;
				INFOPLIST_KEY_CFBundleDisplayName = "NyaWeather WatchKit App";
				INFOPLIST_KEY_UISupportedInterfaceOrientations = "UIInterfaceOrientationPortrait UIInterfaceOrientationPortraitUpsideDown";
				INFOPLIST_KEY_WKCompanionAppBundleIdentifier = tech.hiwawa.NyaWeather;
				MARKETING_VERSION = 1.0;
				PRODUCT_BUNDLE_IDENTIFIER = tech.hiwawa.NyaWeather.watchkitapp;
				PRODUCT_NAME = "$(TARGET_NAME)";
				SDKROOT = watchos;
				SKIP_INSTALL = YES;
				SWIFT_EMIT_LOC_STRINGS = YES;
				SWIFT_VERSION = 5.0;
				TARGETED_DEVICE_FAMILY = 4;
				VALIDATE_PRODUCT = YES;
				WATCHOS_DEPLOYMENT_TARGET = 8.5;
			};
			name = Release;
		};
		E374D76A28267BE40040C9C7 /* Debug */ = {
			isa = XCBuildConfiguration;
			buildSettings = {
				ASSETCATALOG_COMPILER_APPICON_NAME = AppIcon;
				ASSETCATALOG_COMPILER_GLOBAL_ACCENT_COLOR_NAME = AccentColor;
				CODE_SIGN_STYLE = Automatic;
				CURRENT_PROJECT_VERSION = 1;
				DEVELOPMENT_ASSET_PATHS = "\"NyaWeather/Preview Content\"";
				DEVELOPMENT_TEAM = HM37P8L339;
				ENABLE_PREVIEWS = YES;
				GENERATE_INFOPLIST_FILE = YES;
				INFOPLIST_KEY_UIApplicationSceneManifest_Generation = YES;
				INFOPLIST_KEY_UIApplicationSupportsIndirectInputEvents = YES;
				INFOPLIST_KEY_UILaunchScreen_Generation = YES;
				INFOPLIST_KEY_UISupportedInterfaceOrientations_iPad = "UIInterfaceOrientationPortrait UIInterfaceOrientationPortraitUpsideDown UIInterfaceOrientationLandscapeLeft UIInterfaceOrientationLandscapeRight";
				INFOPLIST_KEY_UISupportedInterfaceOrientations_iPhone = "UIInterfaceOrientationPortrait UIInterfaceOrientationLandscapeLeft UIInterfaceOrientationLandscapeRight";
				IPHONEOS_DEPLOYMENT_TARGET = 15.4;
				LD_RUNPATH_SEARCH_PATHS = (
					"$(inherited)",
					"@executable_path/Frameworks",
				);
				MARKETING_VERSION = 1.0;
				PRODUCT_BUNDLE_IDENTIFIER = tech.hiwawa.NyaWeather;
				PRODUCT_NAME = "$(TARGET_NAME)";
				SDKROOT = iphoneos;
				SWIFT_EMIT_LOC_STRINGS = YES;
				SWIFT_VERSION = 5.0;
				TARGETED_DEVICE_FAMILY = "1,2";
			};
			name = Debug;
		};
		E374D76B28267BE40040C9C7 /* Release */ = {
			isa = XCBuildConfiguration;
			buildSettings = {
				ASSETCATALOG_COMPILER_APPICON_NAME = AppIcon;
				ASSETCATALOG_COMPILER_GLOBAL_ACCENT_COLOR_NAME = AccentColor;
				CODE_SIGN_STYLE = Automatic;
				CURRENT_PROJECT_VERSION = 1;
				DEVELOPMENT_ASSET_PATHS = "\"NyaWeather/Preview Content\"";
				DEVELOPMENT_TEAM = HM37P8L339;
				ENABLE_PREVIEWS = YES;
				GENERATE_INFOPLIST_FILE = YES;
				INFOPLIST_KEY_UIApplicationSceneManifest_Generation = YES;
				INFOPLIST_KEY_UIApplicationSupportsIndirectInputEvents = YES;
				INFOPLIST_KEY_UILaunchScreen_Generation = YES;
				INFOPLIST_KEY_UISupportedInterfaceOrientations_iPad = "UIInterfaceOrientationPortrait UIInterfaceOrientationPortraitUpsideDown UIInterfaceOrientationLandscapeLeft UIInterfaceOrientationLandscapeRight";
				INFOPLIST_KEY_UISupportedInterfaceOrientations_iPhone = "UIInterfaceOrientationPortrait UIInterfaceOrientationLandscapeLeft UIInterfaceOrientationLandscapeRight";
				IPHONEOS_DEPLOYMENT_TARGET = 15.4;
				LD_RUNPATH_SEARCH_PATHS = (
					"$(inherited)",
					"@executable_path/Frameworks",
				);
				MARKETING_VERSION = 1.0;
				PRODUCT_BUNDLE_IDENTIFIER = tech.hiwawa.NyaWeather;
				PRODUCT_NAME = "$(TARGET_NAME)";
				SDKROOT = iphoneos;
				SWIFT_EMIT_LOC_STRINGS = YES;
				SWIFT_VERSION = 5.0;
				TARGETED_DEVICE_FAMILY = "1,2";
				VALIDATE_PRODUCT = YES;
			};
			name = Release;
		};
/* End XCBuildConfiguration section */

/* Begin XCConfigurationList section */
		E374D73028267BDD0040C9C7 /* Build configuration list for PBXProject "NyaWeather" */ = {
			isa = XCConfigurationList;
			buildConfigurations = (
				E374D75F28267BE40040C9C7 /* Debug */,
				E374D76028267BE40040C9C7 /* Release */,
			);
			defaultConfigurationIsVisible = 0;
			defaultConfigurationName = Release;
		};
		E374D76128267BE40040C9C7 /* Build configuration list for PBXNativeTarget "NyaWeather WatchKit Extension" */ = {
			isa = XCConfigurationList;
			buildConfigurations = (
				E374D76228267BE40040C9C7 /* Debug */,
				E374D76328267BE40040C9C7 /* Release */,
			);
			defaultConfigurationIsVisible = 0;
			defaultConfigurationName = Release;
		};
		E374D76528267BE40040C9C7 /* Build configuration list for PBXNativeTarget "NyaWeather WatchKit App" */ = {
			isa = XCConfigurationList;
			buildConfigurations = (
				E374D76628267BE40040C9C7 /* Debug */,
				E374D76728267BE40040C9C7 /* Release */,
			);
			defaultConfigurationIsVisible = 0;
			defaultConfigurationName = Release;
		};
		E374D76928267BE40040C9C7 /* Build configuration list for PBXNativeTarget "NyaWeather" */ = {
			isa = XCConfigurationList;
			buildConfigurations = (
				E374D76A28267BE40040C9C7 /* Debug */,
				E374D76B28267BE40040C9C7 /* Release */,
			);
			defaultConfigurationIsVisible = 0;
			defaultConfigurationName = Release;
		};
/* End XCConfigurationList section */
	};
	rootObject = E374D72D28267BDD0040C9C7 /* Project object */;
}
