// !$*UTF8*$!
{
	archiveVersion = 1;
	classes = {
	};
	objectVersion = 55;
	objects = {

/* Begin PBXBuildFile section */
		E3205DC427EEFE3200C02E42 /* VKSwiftUIApp.swift in Sources */ = {isa = PBXBuildFile; fileRef = E3205DC327EEFE3200C02E42 /* VKSwiftUIApp.swift */; };
		E3205DC627EEFE3200C02E42 /* ContentView.swift in Sources */ = {isa = PBXBuildFile; fileRef = E3205DC527EEFE3200C02E42 /* ContentView.swift */; };
		E3205DC827EEFE3500C02E42 /* Assets.xcassets in Resources */ = {isa = PBXBuildFile; fileRef = E3205DC727EEFE3500C02E42 /* Assets.xcassets */; };
		E3205DCB27EEFE3500C02E42 /* Preview Assets.xcassets in Resources */ = {isa = PBXBuildFile; fileRef = E3205DCA27EEFE3500C02E42 /* Preview Assets.xcassets */; };
		E3205DD327EEFEBF00C02E42 /* Friend.swift in Sources */ = {isa = PBXBuildFile; fileRef = E3205DD227EEFEBF00C02E42 /* Friend.swift */; };
		E3205DDB27EEFF9F00C02E42 /* MainView.swift in Sources */ = {isa = PBXBuildFile; fileRef = E3205DDA27EEFF9F00C02E42 /* MainView.swift */; };
		E3205DE027EEFFF400C02E42 /* FriendCellView.swift in Sources */ = {isa = PBXBuildFile; fileRef = E3205DDD27EEFFF400C02E42 /* FriendCellView.swift */; };
		E3205DE127EEFFF400C02E42 /* FriendsView.swift in Sources */ = {isa = PBXBuildFile; fileRef = E3205DDE27EEFFF400C02E42 /* FriendsView.swift */; };
		E3205DE227EEFFF400C02E42 /* FriendProfileView.swift in Sources */ = {isa = PBXBuildFile; fileRef = E3205DDF27EEFFF400C02E42 /* FriendProfileView.swift */; };
		E3205DE427EF000300C02E42 /* GroupsView.swift in Sources */ = {isa = PBXBuildFile; fileRef = E3205DE327EF000300C02E42 /* GroupsView.swift */; };
		E3205DE627EF000C00C02E42 /* NewsFeedView.swift in Sources */ = {isa = PBXBuildFile; fileRef = E3205DE527EF000C00C02E42 /* NewsFeedView.swift */; };
		E3205DEA27EF002C00C02E42 /* LoginVK.swift in Sources */ = {isa = PBXBuildFile; fileRef = E3205DE827EF002C00C02E42 /* LoginVK.swift */; };
		E3205DEB27EF002C00C02E42 /* LoginPasswordView.swift in Sources */ = {isa = PBXBuildFile; fileRef = E3205DE927EF002C00C02E42 /* LoginPasswordView.swift */; };
/* End PBXBuildFile section */

/* Begin PBXFileReference section */
		E3205DC027EEFE3200C02E42 /* VKSwiftUI.app */ = {isa = PBXFileReference; explicitFileType = wrapper.application; includeInIndex = 0; path = VKSwiftUI.app; sourceTree = BUILT_PRODUCTS_DIR; };
		E3205DC327EEFE3200C02E42 /* VKSwiftUIApp.swift */ = {isa = PBXFileReference; lastKnownFileType = sourcecode.swift; path = VKSwiftUIApp.swift; sourceTree = "<group>"; };
		E3205DC527EEFE3200C02E42 /* ContentView.swift */ = {isa = PBXFileReference; lastKnownFileType = sourcecode.swift; path = ContentView.swift; sourceTree = "<group>"; };
		E3205DC727EEFE3500C02E42 /* Assets.xcassets */ = {isa = PBXFileReference; lastKnownFileType = folder.assetcatalog; path = Assets.xcassets; sourceTree = "<group>"; };
		E3205DCA27EEFE3500C02E42 /* Preview Assets.xcassets */ = {isa = PBXFileReference; lastKnownFileType = folder.assetcatalog; path = "Preview Assets.xcassets"; sourceTree = "<group>"; };
		E3205DD227EEFEBF00C02E42 /* Friend.swift */ = {isa = PBXFileReference; lastKnownFileType = sourcecode.swift; path = Friend.swift; sourceTree = "<group>"; };
		E3205DDA27EEFF9F00C02E42 /* MainView.swift */ = {isa = PBXFileReference; lastKnownFileType = sourcecode.swift; path = MainView.swift; sourceTree = "<group>"; };
		E3205DDD27EEFFF400C02E42 /* FriendCellView.swift */ = {isa = PBXFileReference; fileEncoding = 4; lastKnownFileType = sourcecode.swift; path = FriendCellView.swift; sourceTree = "<group>"; };
		E3205DDE27EEFFF400C02E42 /* FriendsView.swift */ = {isa = PBXFileReference; fileEncoding = 4; lastKnownFileType = sourcecode.swift; name = FriendsView.swift; path = ../../../../SwiftUIGeekbrains/SwiftUIGeekbrains/SwiftUIGeekbrains/Views/AppScreens/Friends/FriendsView.swift; sourceTree = "<group>"; };
		E3205DDF27EEFFF400C02E42 /* FriendProfileView.swift */ = {isa = PBXFileReference; fileEncoding = 4; lastKnownFileType = sourcecode.swift; name = FriendProfileView.swift; path = ../../../../SwiftUIGeekbrains/SwiftUIGeekbrains/SwiftUIGeekbrains/Views/AppScreens/Friends/FriendProfileView.swift; sourceTree = "<group>"; };
		E3205DE327EF000300C02E42 /* GroupsView.swift */ = {isa = PBXFileReference; fileEncoding = 4; lastKnownFileType = sourcecode.swift; name = GroupsView.swift; path = ../../../../SwiftUIGeekbrains/SwiftUIGeekbrains/SwiftUIGeekbrains/Views/AppScreens/Groups/GroupsView.swift; sourceTree = "<group>"; };
		E3205DE527EF000C00C02E42 /* NewsFeedView.swift */ = {isa = PBXFileReference; fileEncoding = 4; lastKnownFileType = sourcecode.swift; name = NewsFeedView.swift; path = ../../../../SwiftUIGeekbrains/SwiftUIGeekbrains/SwiftUIGeekbrains/Views/AppScreens/NewsFeed/NewsFeedView.swift; sourceTree = "<group>"; };
		E3205DE827EF002C00C02E42 /* LoginVK.swift */ = {isa = PBXFileReference; fileEncoding = 4; lastKnownFileType = sourcecode.swift; name = LoginVK.swift; path = ../../../../../SwiftUIGeekbrains/SwiftUIGeekbrains/SwiftUIGeekbrains/Views/LoginScreen/LoginVK.swift; sourceTree = "<group>"; };
		E3205DE927EF002C00C02E42 /* LoginPasswordView.swift */ = {isa = PBXFileReference; fileEncoding = 4; lastKnownFileType = sourcecode.swift; name = LoginPasswordView.swift; path = ../../../../../SwiftUIGeekbrains/SwiftUIGeekbrains/SwiftUIGeekbrains/Views/LoginScreen/LoginPasswordView.swift; sourceTree = "<group>"; };
/* End PBXFileReference section */

/* Begin PBXFrameworksBuildPhase section */
		E3205DBD27EEFE3200C02E42 /* Frameworks */ = {
			isa = PBXFrameworksBuildPhase;
			buildActionMask = 2147483647;
			files = (
			);
			runOnlyForDeploymentPostprocessing = 0;
		};
/* End PBXFrameworksBuildPhase section */

/* Begin PBXGroup section */
		E3205DB727EEFE3200C02E42 = {
			isa = PBXGroup;
			children = (
				E3205DC227EEFE3200C02E42 /* VKSwiftUI */,
				E3205DC127EEFE3200C02E42 /* Products */,
			);
			sourceTree = "<group>";
		};
		E3205DC127EEFE3200C02E42 /* Products */ = {
			isa = PBXGroup;
			children = (
				E3205DC027EEFE3200C02E42 /* VKSwiftUI.app */,
			);
			name = Products;
			sourceTree = "<group>";
		};
		E3205DC227EEFE3200C02E42 /* VKSwiftUI */ = {
			isa = PBXGroup;
			children = (
				E3205DD427EEFEE800C02E42 /* Views */,
				E3205DD127EEFEA100C02E42 /* Models */,
				E3205DC327EEFE3200C02E42 /* VKSwiftUIApp.swift */,
				E3205DC527EEFE3200C02E42 /* ContentView.swift */,
				E3205DC727EEFE3500C02E42 /* Assets.xcassets */,
				E3205DC927EEFE3500C02E42 /* Preview Content */,
			);
			path = VKSwiftUI;
			sourceTree = "<group>";
		};
		E3205DC927EEFE3500C02E42 /* Preview Content */ = {
			isa = PBXGroup;
			children = (
				E3205DCA27EEFE3500C02E42 /* Preview Assets.xcassets */,
			);
			path = "Preview Content";
			sourceTree = "<group>";
		};
		E3205DD127EEFEA100C02E42 /* Models */ = {
			isa = PBXGroup;
			children = (
				E3205DD227EEFEBF00C02E42 /* Friend.swift */,
			);
			path = Models;
			sourceTree = "<group>";
		};
		E3205DD427EEFEE800C02E42 /* Views */ = {
			isa = PBXGroup;
			children = (
				E3205DD927EEFF5000C02E42 /* Auth */,
				E3205DD827EEFF4100C02E42 /* Main */,
				E3205DD727EEFF2C00C02E42 /* Friends */,
				E3205DD627EEFF2000C02E42 /* Groups */,
				E3205DD527EEFF1500C02E42 /* NewsFeed */,
			);
			path = Views;
			sourceTree = "<group>";
		};
		E3205DD527EEFF1500C02E42 /* NewsFeed */ = {
			isa = PBXGroup;
			children = (
				E3205DE527EF000C00C02E42 /* NewsFeedView.swift */,
			);
			path = NewsFeed;
			sourceTree = "<group>";
		};
		E3205DD627EEFF2000C02E42 /* Groups */ = {
			isa = PBXGroup;
			children = (
				E3205DE327EF000300C02E42 /* GroupsView.swift */,
			);
			path = Groups;
			sourceTree = "<group>";
		};
		E3205DD727EEFF2C00C02E42 /* Friends */ = {
			isa = PBXGroup;
			children = (
				E3205DDC27EEFFF400C02E42 /* Cell */,
				E3205DDF27EEFFF400C02E42 /* FriendProfileView.swift */,
				E3205DDE27EEFFF400C02E42 /* FriendsView.swift */,
			);
			path = Friends;
			sourceTree = "<group>";
		};
		E3205DD827EEFF4100C02E42 /* Main */ = {
			isa = PBXGroup;
			children = (
				E3205DDA27EEFF9F00C02E42 /* MainView.swift */,
			);
			path = Main;
			sourceTree = "<group>";
		};
		E3205DD927EEFF5000C02E42 /* Auth */ = {
			isa = PBXGroup;
			children = (
				E3205DE727EF002200C02E42 /* Login */,
			);
			path = Auth;
			sourceTree = "<group>";
		};
		E3205DDC27EEFFF400C02E42 /* Cell */ = {
			isa = PBXGroup;
			children = (
				E3205DDD27EEFFF400C02E42 /* FriendCellView.swift */,
			);
			name = Cell;
			path = ../../../../SwiftUIGeekbrains/SwiftUIGeekbrains/SwiftUIGeekbrains/Views/AppScreens/Friends/Cell;
			sourceTree = "<group>";
		};
		E3205DE727EF002200C02E42 /* Login */ = {
			isa = PBXGroup;
			children = (
				E3205DE927EF002C00C02E42 /* LoginPasswordView.swift */,
				E3205DE827EF002C00C02E42 /* LoginVK.swift */,
			);
			path = Login;
			sourceTree = "<group>";
		};
/* End PBXGroup section */

/* Begin PBXNativeTarget section */
		E3205DBF27EEFE3200C02E42 /* VKSwiftUI */ = {
			isa = PBXNativeTarget;
			buildConfigurationList = E3205DCE27EEFE3500C02E42 /* Build configuration list for PBXNativeTarget "VKSwiftUI" */;
			buildPhases = (
				E3205DBC27EEFE3200C02E42 /* Sources */,
				E3205DBD27EEFE3200C02E42 /* Frameworks */,
				E3205DBE27EEFE3200C02E42 /* Resources */,
			);
			buildRules = (
			);
			dependencies = (
			);
			name = VKSwiftUI;
			productName = VKSwiftUI;
			productReference = E3205DC027EEFE3200C02E42 /* VKSwiftUI.app */;
			productType = "com.apple.product-type.application";
		};
/* End PBXNativeTarget section */

/* Begin PBXProject section */
		E3205DB827EEFE3200C02E42 /* Project object */ = {
			isa = PBXProject;
			attributes = {
				BuildIndependentTargetsInParallel = 1;
				LastSwiftUpdateCheck = 1330;
				LastUpgradeCheck = 1330;
				TargetAttributes = {
					E3205DBF27EEFE3200C02E42 = {
						CreatedOnToolsVersion = 13.3;
					};
				};
			};
			buildConfigurationList = E3205DBB27EEFE3200C02E42 /* Build configuration list for PBXProject "VKSwiftUI" */;
			compatibilityVersion = "Xcode 13.0";
			developmentRegion = en;
			hasScannedForEncodings = 0;
			knownRegions = (
				en,
				Base,
			);
			mainGroup = E3205DB727EEFE3200C02E42;
			productRefGroup = E3205DC127EEFE3200C02E42 /* Products */;
			projectDirPath = "";
			projectRoot = "";
			targets = (
				E3205DBF27EEFE3200C02E42 /* VKSwiftUI */,
			);
		};
/* End PBXProject section */

/* Begin PBXResourcesBuildPhase section */
		E3205DBE27EEFE3200C02E42 /* Resources */ = {
			isa = PBXResourcesBuildPhase;
			buildActionMask = 2147483647;
			files = (
				E3205DCB27EEFE3500C02E42 /* Preview Assets.xcassets in Resources */,
				E3205DC827EEFE3500C02E42 /* Assets.xcassets in Resources */,
			);
			runOnlyForDeploymentPostprocessing = 0;
		};
/* End PBXResourcesBuildPhase section */

/* Begin PBXSourcesBuildPhase section */
		E3205DBC27EEFE3200C02E42 /* Sources */ = {
			isa = PBXSourcesBuildPhase;
			buildActionMask = 2147483647;
			files = (
				E3205DE127EEFFF400C02E42 /* FriendsView.swift in Sources */,
				E3205DD327EEFEBF00C02E42 /* Friend.swift in Sources */,
				E3205DE227EEFFF400C02E42 /* FriendProfileView.swift in Sources */,
				E3205DEB27EF002C00C02E42 /* LoginPasswordView.swift in Sources */,
				E3205DDB27EEFF9F00C02E42 /* MainView.swift in Sources */,
				E3205DEA27EF002C00C02E42 /* LoginVK.swift in Sources */,
				E3205DC627EEFE3200C02E42 /* ContentView.swift in Sources */,
				E3205DE027EEFFF400C02E42 /* FriendCellView.swift in Sources */,
				E3205DE627EF000C00C02E42 /* NewsFeedView.swift in Sources */,
				E3205DE427EF000300C02E42 /* GroupsView.swift in Sources */,
				E3205DC427EEFE3200C02E42 /* VKSwiftUIApp.swift in Sources */,
			);
			runOnlyForDeploymentPostprocessing = 0;
		};
/* End PBXSourcesBuildPhase section */

/* Begin XCBuildConfiguration section */
		E3205DCC27EEFE3500C02E42 /* Debug */ = {
			isa = XCBuildConfiguration;
			buildSettings = {
				ALWAYS_SEARCH_USER_PATHS = NO;
				CLANG_ANALYZER_NONNULL = YES;
				CLANG_ANALYZER_NUMBER_OBJECT_CONVERSION = YES_AGGRESSIVE;
				CLANG_CXX_LANGUAGE_STANDARD = "gnu++17";
				CLANG_ENABLE_MODULES = YES;
				CLANG_ENABLE_OBJC_ARC = YES;
				CLANG_ENABLE_OBJC_WEAK = YES;
				CLANG_WARN_BLOCK_CAPTURE_AUTORELEASING = YES;
				CLANG_WARN_BOOL_CONVERSION = YES;
				CLANG_WARN_COMMA = YES;
				CLANG_WARN_CONSTANT_CONVERSION = YES;
				CLANG_WARN_DEPRECATED_OBJC_IMPLEMENTATIONS = YES;
				CLANG_WARN_DIRECT_OBJC_ISA_USAGE = YES_ERROR;
				CLANG_WARN_DOCUMENTATION_COMMENTS = YES;
				CLANG_WARN_EMPTY_BODY = YES;
				CLANG_WARN_ENUM_CONVERSION = YES;
				CLANG_WARN_INFINITE_RECURSION = YES;
				CLANG_WARN_INT_CONVERSION = YES;
				CLANG_WARN_NON_LITERAL_NULL_CONVERSION = YES;
				CLANG_WARN_OBJC_IMPLICIT_RETAIN_SELF = YES;
				CLANG_WARN_OBJC_LITERAL_CONVERSION = YES;
				CLANG_WARN_OBJC_ROOT_CLASS = YES_ERROR;
				CLANG_WARN_QUOTED_INCLUDE_IN_FRAMEWORK_HEADER = YES;
				CLANG_WARN_RANGE_LOOP_ANALYSIS = YES;
				CLANG_WARN_STRICT_PROTOTYPES = YES;
				CLANG_WARN_SUSPICIOUS_MOVE = YES;
				CLANG_WARN_UNGUARDED_AVAILABILITY = YES_AGGRESSIVE;
				CLANG_WARN_UNREACHABLE_CODE = YES;
				CLANG_WARN__DUPLICATE_METHOD_MATCH = YES;
				COPY_PHASE_STRIP = NO;
				DEBUG_INFORMATION_FORMAT = dwarf;
				ENABLE_STRICT_OBJC_MSGSEND = YES;
				ENABLE_TESTABILITY = YES;
				GCC_C_LANGUAGE_STANDARD = gnu11;
				GCC_DYNAMIC_NO_PIC = NO;
				GCC_NO_COMMON_BLOCKS = YES;
				GCC_OPTIMIZATION_LEVEL = 0;
				GCC_PREPROCESSOR_DEFINITIONS = (
					"DEBUG=1",
					"$(inherited)",
				);
				GCC_WARN_64_TO_32_BIT_CONVERSION = YES;
				GCC_WARN_ABOUT_RETURN_TYPE = YES_ERROR;
				GCC_WARN_UNDECLARED_SELECTOR = YES;
				GCC_WARN_UNINITIALIZED_AUTOS = YES_AGGRESSIVE;
				GCC_WARN_UNUSED_FUNCTION = YES;
				GCC_WARN_UNUSED_VARIABLE = YES;
				IPHONEOS_DEPLOYMENT_TARGET = 15.4;
				MTL_ENABLE_DEBUG_INFO = INCLUDE_SOURCE;
				MTL_FAST_MATH = YES;
				ONLY_ACTIVE_ARCH = YES;
				SDKROOT = iphoneos;
				SWIFT_ACTIVE_COMPILATION_CONDITIONS = DEBUG;
				SWIFT_OPTIMIZATION_LEVEL = "-Onone";
			};
			name = Debug;
		};
		E3205DCD27EEFE3500C02E42 /* Release */ = {
			isa = XCBuildConfiguration;
			buildSettings = {
				ALWAYS_SEARCH_USER_PATHS = NO;
				CLANG_ANALYZER_NONNULL = YES;
				CLANG_ANALYZER_NUMBER_OBJECT_CONVERSION = YES_AGGRESSIVE;
				CLANG_CXX_LANGUAGE_STANDARD = "gnu++17";
				CLANG_ENABLE_MODULES = YES;
				CLANG_ENABLE_OBJC_ARC = YES;
				CLANG_ENABLE_OBJC_WEAK = YES;
				CLANG_WARN_BLOCK_CAPTURE_AUTORELEASING = YES;
				CLANG_WARN_BOOL_CONVERSION = YES;
				CLANG_WARN_COMMA = YES;
				CLANG_WARN_CONSTANT_CONVERSION = YES;
				CLANG_WARN_DEPRECATED_OBJC_IMPLEMENTATIONS = YES;
				CLANG_WARN_DIRECT_OBJC_ISA_USAGE = YES_ERROR;
				CLANG_WARN_DOCUMENTATION_COMMENTS = YES;
				CLANG_WARN_EMPTY_BODY = YES;
				CLANG_WARN_ENUM_CONVERSION = YES;
				CLANG_WARN_INFINITE_RECURSION = YES;
				CLANG_WARN_INT_CONVERSION = YES;
				CLANG_WARN_NON_LITERAL_NULL_CONVERSION = YES;
				CLANG_WARN_OBJC_IMPLICIT_RETAIN_SELF = YES;
				CLANG_WARN_OBJC_LITERAL_CONVERSION = YES;
				CLANG_WARN_OBJC_ROOT_CLASS = YES_ERROR;
				CLANG_WARN_QUOTED_INCLUDE_IN_FRAMEWORK_HEADER = YES;
				CLANG_WARN_RANGE_LOOP_ANALYSIS = YES;
				CLANG_WARN_STRICT_PROTOTYPES = YES;
				CLANG_WARN_SUSPICIOUS_MOVE = YES;
				CLANG_WARN_UNGUARDED_AVAILABILITY = YES_AGGRESSIVE;
				CLANG_WARN_UNREACHABLE_CODE = YES;
				CLANG_WARN__DUPLICATE_METHOD_MATCH = YES;
				COPY_PHASE_STRIP = NO;
				DEBUG_INFORMATION_FORMAT = "dwarf-with-dsym";
				ENABLE_NS_ASSERTIONS = NO;
				ENABLE_STRICT_OBJC_MSGSEND = YES;
				GCC_C_LANGUAGE_STANDARD = gnu11;
				GCC_NO_COMMON_BLOCKS = YES;
				GCC_WARN_64_TO_32_BIT_CONVERSION = YES;
				GCC_WARN_ABOUT_RETURN_TYPE = YES_ERROR;
				GCC_WARN_UNDECLARED_SELECTOR = YES;
				GCC_WARN_UNINITIALIZED_AUTOS = YES_AGGRESSIVE;
				GCC_WARN_UNUSED_FUNCTION = YES;
				GCC_WARN_UNUSED_VARIABLE = YES;
				IPHONEOS_DEPLOYMENT_TARGET = 15.4;
				MTL_ENABLE_DEBUG_INFO = NO;
				MTL_FAST_MATH = YES;
				SDKROOT = iphoneos;
				SWIFT_COMPILATION_MODE = wholemodule;
				SWIFT_OPTIMIZATION_LEVEL = "-O";
				VALIDATE_PRODUCT = YES;
			};
			name = Release;
		};
		E3205DCF27EEFE3500C02E42 /* Debug */ = {
			isa = XCBuildConfiguration;
			buildSettings = {
				ASSETCATALOG_COMPILER_APPICON_NAME = AppIcon;
				ASSETCATALOG_COMPILER_GLOBAL_ACCENT_COLOR_NAME = AccentColor;
				CODE_SIGN_STYLE = Automatic;
				CURRENT_PROJECT_VERSION = 1;
				DEVELOPMENT_ASSET_PATHS = "\"VKSwiftUI/Preview Content\"";
				DEVELOPMENT_TEAM = HM37P8L339;
				ENABLE_PREVIEWS = YES;
				GENERATE_INFOPLIST_FILE = YES;
				INFOPLIST_KEY_UIApplicationSceneManifest_Generation = YES;
				INFOPLIST_KEY_UIApplicationSupportsIndirectInputEvents = YES;
				INFOPLIST_KEY_UILaunchScreen_Generation = YES;
				INFOPLIST_KEY_UISupportedInterfaceOrientations_iPad = "UIInterfaceOrientationPortrait UIInterfaceOrientationPortraitUpsideDown UIInterfaceOrientationLandscapeLeft UIInterfaceOrientationLandscapeRight";
				INFOPLIST_KEY_UISupportedInterfaceOrientations_iPhone = "UIInterfaceOrientationPortrait UIInterfaceOrientationLandscapeLeft UIInterfaceOrientationLandscapeRight";
				LD_RUNPATH_SEARCH_PATHS = (
					"$(inherited)",
					"@executable_path/Frameworks",
				);
				MARKETING_VERSION = 1.0;
				PRODUCT_BUNDLE_IDENTIFIER = tech.hiwawa.VKSwiftUI;
				PRODUCT_NAME = "$(TARGET_NAME)";
				SWIFT_EMIT_LOC_STRINGS = YES;
				SWIFT_VERSION = 5.0;
				TARGETED_DEVICE_FAMILY = "1,2";
			};
			name = Debug;
		};
		E3205DD027EEFE3500C02E42 /* Release */ = {
			isa = XCBuildConfiguration;
			buildSettings = {
				ASSETCATALOG_COMPILER_APPICON_NAME = AppIcon;
				ASSETCATALOG_COMPILER_GLOBAL_ACCENT_COLOR_NAME = AccentColor;
				CODE_SIGN_STYLE = Automatic;
				CURRENT_PROJECT_VERSION = 1;
				DEVELOPMENT_ASSET_PATHS = "\"VKSwiftUI/Preview Content\"";
				DEVELOPMENT_TEAM = HM37P8L339;
				ENABLE_PREVIEWS = YES;
				GENERATE_INFOPLIST_FILE = YES;
				INFOPLIST_KEY_UIApplicationSceneManifest_Generation = YES;
				INFOPLIST_KEY_UIApplicationSupportsIndirectInputEvents = YES;
				INFOPLIST_KEY_UILaunchScreen_Generation = YES;
				INFOPLIST_KEY_UISupportedInterfaceOrientations_iPad = "UIInterfaceOrientationPortrait UIInterfaceOrientationPortraitUpsideDown UIInterfaceOrientationLandscapeLeft UIInterfaceOrientationLandscapeRight";
				INFOPLIST_KEY_UISupportedInterfaceOrientations_iPhone = "UIInterfaceOrientationPortrait UIInterfaceOrientationLandscapeLeft UIInterfaceOrientationLandscapeRight";
				LD_RUNPATH_SEARCH_PATHS = (
					"$(inherited)",
					"@executable_path/Frameworks",
				);
				MARKETING_VERSION = 1.0;
				PRODUCT_BUNDLE_IDENTIFIER = tech.hiwawa.VKSwiftUI;
				PRODUCT_NAME = "$(TARGET_NAME)";
				SWIFT_EMIT_LOC_STRINGS = YES;
				SWIFT_VERSION = 5.0;
				TARGETED_DEVICE_FAMILY = "1,2";
			};
			name = Release;
		};
/* End XCBuildConfiguration section */

/* Begin XCConfigurationList section */
		E3205DBB27EEFE3200C02E42 /* Build configuration list for PBXProject "VKSwiftUI" */ = {
			isa = XCConfigurationList;
			buildConfigurations = (
				E3205DCC27EEFE3500C02E42 /* Debug */,
				E3205DCD27EEFE3500C02E42 /* Release */,
			);
			defaultConfigurationIsVisible = 0;
			defaultConfigurationName = Release;
		};
		E3205DCE27EEFE3500C02E42 /* Build configuration list for PBXNativeTarget "VKSwiftUI" */ = {
			isa = XCConfigurationList;
			buildConfigurations = (
				E3205DCF27EEFE3500C02E42 /* Debug */,
				E3205DD027EEFE3500C02E42 /* Release */,
			);
			defaultConfigurationIsVisible = 0;
			defaultConfigurationName = Release;
		};
/* End XCConfigurationList section */
	};
	rootObject = E3205DB827EEFE3200C02E42 /* Project object */;
}
