// !$*UTF8*$!
{
	archiveVersion = 1;
	classes = {
	};
	objectVersion = 55;
	objects = {

/* Begin PBXBuildFile section */
		E3643C1428895F1700E694ED /* ShopGeekBrainsApp.swift in Sources */ = {isa = PBXBuildFile; fileRef = E3643C1328895F1700E694ED /* ShopGeekBrainsApp.swift */; };
		E3643C1628895F1700E694ED /* ContentView.swift in Sources */ = {isa = PBXBuildFile; fileRef = E3643C1528895F1700E694ED /* ContentView.swift */; };
		E3643C1828895F1A00E694ED /* Assets.xcassets in Resources */ = {isa = PBXBuildFile; fileRef = E3643C1728895F1A00E694ED /* Assets.xcassets */; };
		E3643C1B28895F1A00E694ED /* Preview Assets.xcassets in Resources */ = {isa = PBXBuildFile; fileRef = E3643C1A28895F1A00E694ED /* Preview Assets.xcassets */; };
		E3643C1D28895F1A00E694ED /* Persistence.swift in Sources */ = {isa = PBXBuildFile; fileRef = E3643C1C28895F1A00E694ED /* Persistence.swift */; };
		E3643C2028895F1A00E694ED /* ShopGeekBrains.xcdatamodeld in Sources */ = {isa = PBXBuildFile; fileRef = E3643C1E28895F1A00E694ED /* ShopGeekBrains.xcdatamodeld */; };
		E3643C2E288961EA00E694ED /* KeyboardResponder.swift in Sources */ = {isa = PBXBuildFile; fileRef = E3643C2D288961EA00E694ED /* KeyboardResponder.swift */; };
		E38F82F62889673400DE5E7F /* DataManager.swift in Sources */ = {isa = PBXBuildFile; fileRef = E38F82F52889673400DE5E7F /* DataManager.swift */; };
		E38F82F8288968EF00DE5E7F /* Product.swift in Sources */ = {isa = PBXBuildFile; fileRef = E38F82F7288968EF00DE5E7F /* Product.swift */; };
		E38F82FA28896D3300DE5E7F /* ProductListViewModel.swift in Sources */ = {isa = PBXBuildFile; fileRef = E38F82F928896D3300DE5E7F /* ProductListViewModel.swift */; };
		E38F82FC288980B900DE5E7F /* ProductListView.swift in Sources */ = {isa = PBXBuildFile; fileRef = E38F82FB288980B900DE5E7F /* ProductListView.swift */; };
		E38F82FE2889824600DE5E7F /* MockDataManager.swift in Sources */ = {isa = PBXBuildFile; fileRef = E38F82FD2889824600DE5E7F /* MockDataManager.swift */; };
/* End PBXBuildFile section */

/* Begin PBXFileReference section */
		E3643C1028895F1700E694ED /* ShopGeekBrains.app */ = {isa = PBXFileReference; explicitFileType = wrapper.application; includeInIndex = 0; path = ShopGeekBrains.app; sourceTree = BUILT_PRODUCTS_DIR; };
		E3643C1328895F1700E694ED /* ShopGeekBrainsApp.swift */ = {isa = PBXFileReference; lastKnownFileType = sourcecode.swift; path = ShopGeekBrainsApp.swift; sourceTree = "<group>"; };
		E3643C1528895F1700E694ED /* ContentView.swift */ = {isa = PBXFileReference; lastKnownFileType = sourcecode.swift; path = ContentView.swift; sourceTree = "<group>"; };
		E3643C1728895F1A00E694ED /* Assets.xcassets */ = {isa = PBXFileReference; lastKnownFileType = folder.assetcatalog; path = Assets.xcassets; sourceTree = "<group>"; };
		E3643C1A28895F1A00E694ED /* Preview Assets.xcassets */ = {isa = PBXFileReference; lastKnownFileType = folder.assetcatalog; path = "Preview Assets.xcassets"; sourceTree = "<group>"; };
		E3643C1C28895F1A00E694ED /* Persistence.swift */ = {isa = PBXFileReference; lastKnownFileType = sourcecode.swift; path = Persistence.swift; sourceTree = "<group>"; };
		E3643C1F28895F1A00E694ED /* ShopGeekBrains.xcdatamodel */ = {isa = PBXFileReference; lastKnownFileType = wrapper.xcdatamodel; path = ShopGeekBrains.xcdatamodel; sourceTree = "<group>"; };
		E3643C2D288961EA00E694ED /* KeyboardResponder.swift */ = {isa = PBXFileReference; lastKnownFileType = sourcecode.swift; path = KeyboardResponder.swift; sourceTree = "<group>"; };
		E38F82F52889673400DE5E7F /* DataManager.swift */ = {isa = PBXFileReference; lastKnownFileType = sourcecode.swift; path = DataManager.swift; sourceTree = "<group>"; };
		E38F82F7288968EF00DE5E7F /* Product.swift */ = {isa = PBXFileReference; lastKnownFileType = sourcecode.swift; path = Product.swift; sourceTree = "<group>"; };
		E38F82F928896D3300DE5E7F /* ProductListViewModel.swift */ = {isa = PBXFileReference; lastKnownFileType = sourcecode.swift; path = ProductListViewModel.swift; sourceTree = "<group>"; };
		E38F82FB288980B900DE5E7F /* ProductListView.swift */ = {isa = PBXFileReference; lastKnownFileType = sourcecode.swift; path = ProductListView.swift; sourceTree = "<group>"; };
		E38F82FD2889824600DE5E7F /* MockDataManager.swift */ = {isa = PBXFileReference; lastKnownFileType = sourcecode.swift; path = MockDataManager.swift; sourceTree = "<group>"; };
/* End PBXFileReference section */

/* Begin PBXFrameworksBuildPhase section */
		E3643C0D28895F1700E694ED /* Frameworks */ = {
			isa = PBXFrameworksBuildPhase;
			buildActionMask = 2147483647;
			files = (
			);
			runOnlyForDeploymentPostprocessing = 0;
		};
/* End PBXFrameworksBuildPhase section */

/* Begin PBXGroup section */
		E3643C0728895F1700E694ED = {
			isa = PBXGroup;
			children = (
				E3643C1228895F1700E694ED /* ShopGeekBrains */,
				E3643C1128895F1700E694ED /* Products */,
			);
			sourceTree = "<group>";
		};
		E3643C1128895F1700E694ED /* Products */ = {
			isa = PBXGroup;
			children = (
				E3643C1028895F1700E694ED /* ShopGeekBrains.app */,
			);
			name = Products;
			sourceTree = "<group>";
		};
		E3643C1228895F1700E694ED /* ShopGeekBrains */ = {
			isa = PBXGroup;
			children = (
				E38F83032889980300DE5E7F /* App */,
				E38F8302288997DE00DE5E7F /* Core */,
				E38F8300288997B500DE5E7F /* Resources */,
				E38F82FF2889979500DE5E7F /* Environments */,
				E3643C1528895F1700E694ED /* ContentView.swift */,
				E3643C1928895F1A00E694ED /* Preview Content */,
			);
			path = ShopGeekBrains;
			sourceTree = "<group>";
		};
		E3643C1928895F1A00E694ED /* Preview Content */ = {
			isa = PBXGroup;
			children = (
				E3643C1A28895F1A00E694ED /* Preview Assets.xcassets */,
			);
			path = "Preview Content";
			sourceTree = "<group>";
		};
		E3643C2628895F7700E694ED /* Helpers */ = {
			isa = PBXGroup;
			children = (
				E3643C2D288961EA00E694ED /* KeyboardResponder.swift */,
			);
			path = Helpers;
			sourceTree = "<group>";
		};
		E3643C2728895F8600E694ED /* Managers */ = {
			isa = PBXGroup;
			children = (
				E38F82F52889673400DE5E7F /* DataManager.swift */,
			);
			path = Managers;
			sourceTree = "<group>";
		};
		E3643C282889603300E694ED /* Mock */ = {
			isa = PBXGroup;
			children = (
				E38F82FD2889824600DE5E7F /* MockDataManager.swift */,
			);
			path = Mock;
			sourceTree = "<group>";
		};
		E3643C292889603D00E694ED /* Model */ = {
			isa = PBXGroup;
			children = (
				E38F82F7288968EF00DE5E7F /* Product.swift */,
			);
			path = Model;
			sourceTree = "<group>";
		};
		E3643C2A288960AB00E694ED /* New Product */ = {
			isa = PBXGroup;
			children = (
			);
			name = "New Product";
			path = ..;
			sourceTree = "<group>";
		};
		E3643C2B288960D200E694ED /* Product List */ = {
			isa = PBXGroup;
			children = (
				E38F82F928896D3300DE5E7F /* ProductListViewModel.swift */,
				E38F82FB288980B900DE5E7F /* ProductListView.swift */,
			);
			path = "Product List";
			sourceTree = "<group>";
		};
		E3643C2C288960E400E694ED /* Cart */ = {
			isa = PBXGroup;
			children = (
			);
			path = Cart;
			sourceTree = "<group>";
		};
		E38F82FF2889979500DE5E7F /* Environments */ = {
			isa = PBXGroup;
			children = (
				E3643C1C28895F1A00E694ED /* Persistence.swift */,
				E3643C1328895F1700E694ED /* ShopGeekBrainsApp.swift */,
			);
			path = Environments;
			sourceTree = "<group>";
		};
		E38F8300288997B500DE5E7F /* Resources */ = {
			isa = PBXGroup;
			children = (
				E3643C1728895F1A00E694ED /* Assets.xcassets */,
				E3643C1E28895F1A00E694ED /* ShopGeekBrains.xcdatamodeld */,
			);
			path = Resources;
			sourceTree = "<group>";
		};
		E38F8301288997CF00DE5E7F /* Flows */ = {
			isa = PBXGroup;
			children = (
				E3643C2C288960E400E694ED /* Cart */,
				E3643C2B288960D200E694ED /* Product List */,
				E3643C2A288960AB00E694ED /* New Product */,
			);
			path = Flows;
			sourceTree = "<group>";
		};
		E38F8302288997DE00DE5E7F /* Core */ = {
			isa = PBXGroup;
			children = (
				E3643C282889603300E694ED /* Mock */,
				E3643C2728895F8600E694ED /* Managers */,
				E3643C2628895F7700E694ED /* Helpers */,
			);
			path = Core;
			sourceTree = "<group>";
		};
		E38F83032889980300DE5E7F /* App */ = {
			isa = PBXGroup;
			children = (
				E38F8301288997CF00DE5E7F /* Flows */,
				E38F83042889980900DE5E7F /* Entity */,
			);
			path = App;
			sourceTree = "<group>";
		};
		E38F83042889980900DE5E7F /* Entity */ = {
			isa = PBXGroup;
			children = (
				E3643C292889603D00E694ED /* Model */,
			);
			path = Entity;
			sourceTree = "<group>";
		};
/* End PBXGroup section */

/* Begin PBXNativeTarget section */
		E3643C0F28895F1700E694ED /* ShopGeekBrains */ = {
			isa = PBXNativeTarget;
			buildConfigurationList = E3643C2328895F1A00E694ED /* Build configuration list for PBXNativeTarget "ShopGeekBrains" */;
			buildPhases = (
				E3643C0C28895F1700E694ED /* Sources */,
				E3643C0D28895F1700E694ED /* Frameworks */,
				E3643C0E28895F1700E694ED /* Resources */,
			);
			buildRules = (
			);
			dependencies = (
			);
			name = ShopGeekBrains;
			productName = ShopGeekBrains;
			productReference = E3643C1028895F1700E694ED /* ShopGeekBrains.app */;
			productType = "com.apple.product-type.application";
		};
/* End PBXNativeTarget section */

/* Begin PBXProject section */
		E3643C0828895F1700E694ED /* Project object */ = {
			isa = PBXProject;
			attributes = {
				BuildIndependentTargetsInParallel = 1;
				LastSwiftUpdateCheck = 1340;
				LastUpgradeCheck = 1340;
				TargetAttributes = {
					E3643C0F28895F1700E694ED = {
						CreatedOnToolsVersion = 13.4.1;
					};
				};
			};
			buildConfigurationList = E3643C0B28895F1700E694ED /* Build configuration list for PBXProject "ShopGeekBrains" */;
			compatibilityVersion = "Xcode 13.0";
			developmentRegion = en;
			hasScannedForEncodings = 0;
			knownRegions = (
				en,
				Base,
			);
			mainGroup = E3643C0728895F1700E694ED;
			productRefGroup = E3643C1128895F1700E694ED /* Products */;
			projectDirPath = "";
			projectRoot = "";
			targets = (
				E3643C0F28895F1700E694ED /* ShopGeekBrains */,
			);
		};
/* End PBXProject section */

/* Begin PBXResourcesBuildPhase section */
		E3643C0E28895F1700E694ED /* Resources */ = {
			isa = PBXResourcesBuildPhase;
			buildActionMask = 2147483647;
			files = (
				E3643C1B28895F1A00E694ED /* Preview Assets.xcassets in Resources */,
				E3643C1828895F1A00E694ED /* Assets.xcassets in Resources */,
			);
			runOnlyForDeploymentPostprocessing = 0;
		};
/* End PBXResourcesBuildPhase section */

/* Begin PBXSourcesBuildPhase section */
		E3643C0C28895F1700E694ED /* Sources */ = {
			isa = PBXSourcesBuildPhase;
			buildActionMask = 2147483647;
			files = (
				E3643C2028895F1A00E694ED /* ShopGeekBrains.xcdatamodeld in Sources */,
				E38F82FE2889824600DE5E7F /* MockDataManager.swift in Sources */,
				E38F82F62889673400DE5E7F /* DataManager.swift in Sources */,
				E3643C1D28895F1A00E694ED /* Persistence.swift in Sources */,
				E3643C1628895F1700E694ED /* ContentView.swift in Sources */,
				E3643C2E288961EA00E694ED /* KeyboardResponder.swift in Sources */,
				E3643C1428895F1700E694ED /* ShopGeekBrainsApp.swift in Sources */,
				E38F82FC288980B900DE5E7F /* ProductListView.swift in Sources */,
				E38F82FA28896D3300DE5E7F /* ProductListViewModel.swift in Sources */,
				E38F82F8288968EF00DE5E7F /* Product.swift in Sources */,
			);
			runOnlyForDeploymentPostprocessing = 0;
		};
/* End PBXSourcesBuildPhase section */

/* Begin XCBuildConfiguration section */
		E3643C2128895F1A00E694ED /* Debug */ = {
			isa = XCBuildConfiguration;
			buildSettings = {
				ALWAYS_SEARCH_USER_PATHS = NO;
				CLANG_ANALYZER_NONNULL = YES;
				CLANG_ANALYZER_NUMBER_OBJECT_CONVERSION = YES_AGGRESSIVE;
				CLANG_CXX_LANGUAGE_STANDARD = "gnu++17";
				CLANG_ENABLE_MODULES = YES;
				CLANG_ENABLE_OBJC_ARC = YES;
				CLANG_ENABLE_OBJC_WEAK = YES;
				CLANG_WARN_BLOCK_CAPTURE_AUTORELEASING = YES;
				CLANG_WARN_BOOL_CONVERSION = YES;
				CLANG_WARN_COMMA = YES;
				CLANG_WARN_CONSTANT_CONVERSION = YES;
				CLANG_WARN_DEPRECATED_OBJC_IMPLEMENTATIONS = YES;
				CLANG_WARN_DIRECT_OBJC_ISA_USAGE = YES_ERROR;
				CLANG_WARN_DOCUMENTATION_COMMENTS = YES;
				CLANG_WARN_EMPTY_BODY = YES;
				CLANG_WARN_ENUM_CONVERSION = YES;
				CLANG_WARN_INFINITE_RECURSION = YES;
				CLANG_WARN_INT_CONVERSION = YES;
				CLANG_WARN_NON_LITERAL_NULL_CONVERSION = YES;
				CLANG_WARN_OBJC_IMPLICIT_RETAIN_SELF = YES;
				CLANG_WARN_OBJC_LITERAL_CONVERSION = YES;
				CLANG_WARN_OBJC_ROOT_CLASS = YES_ERROR;
				CLANG_WARN_QUOTED_INCLUDE_IN_FRAMEWORK_HEADER = YES;
				CLANG_WARN_RANGE_LOOP_ANALYSIS = YES;
				CLANG_WARN_STRICT_PROTOTYPES = YES;
				CLANG_WARN_SUSPICIOUS_MOVE = YES;
				CLANG_WARN_UNGUARDED_AVAILABILITY = YES_AGGRESSIVE;
				CLANG_WARN_UNREACHABLE_CODE = YES;
				CLANG_WARN__DUPLICATE_METHOD_MATCH = YES;
				COPY_PHASE_STRIP = NO;
				DEBUG_INFORMATION_FORMAT = dwarf;
				ENABLE_STRICT_OBJC_MSGSEND = YES;
				ENABLE_TESTABILITY = YES;
				GCC_C_LANGUAGE_STANDARD = gnu11;
				GCC_DYNAMIC_NO_PIC = NO;
				GCC_NO_COMMON_BLOCKS = YES;
				GCC_OPTIMIZATION_LEVEL = 0;
				GCC_PREPROCESSOR_DEFINITIONS = (
					"DEBUG=1",
					"$(inherited)",
				);
				GCC_WARN_64_TO_32_BIT_CONVERSION = YES;
				GCC_WARN_ABOUT_RETURN_TYPE = YES_ERROR;
				GCC_WARN_UNDECLARED_SELECTOR = YES;
				GCC_WARN_UNINITIALIZED_AUTOS = YES_AGGRESSIVE;
				GCC_WARN_UNUSED_FUNCTION = YES;
				GCC_WARN_UNUSED_VARIABLE = YES;
				IPHONEOS_DEPLOYMENT_TARGET = 14.0;
				MTL_ENABLE_DEBUG_INFO = INCLUDE_SOURCE;
				MTL_FAST_MATH = YES;
				ONLY_ACTIVE_ARCH = YES;
				SDKROOT = iphoneos;
				SWIFT_ACTIVE_COMPILATION_CONDITIONS = DEBUG;
				SWIFT_OPTIMIZATION_LEVEL = "-Onone";
			};
			name = Debug;
		};
		E3643C2228895F1A00E694ED /* Release */ = {
			isa = XCBuildConfiguration;
			buildSettings = {
				ALWAYS_SEARCH_USER_PATHS = NO;
				CLANG_ANALYZER_NONNULL = YES;
				CLANG_ANALYZER_NUMBER_OBJECT_CONVERSION = YES_AGGRESSIVE;
				CLANG_CXX_LANGUAGE_STANDARD = "gnu++17";
				CLANG_ENABLE_MODULES = YES;
				CLANG_ENABLE_OBJC_ARC = YES;
				CLANG_ENABLE_OBJC_WEAK = YES;
				CLANG_WARN_BLOCK_CAPTURE_AUTORELEASING = YES;
				CLANG_WARN_BOOL_CONVERSION = YES;
				CLANG_WARN_COMMA = YES;
				CLANG_WARN_CONSTANT_CONVERSION = YES;
				CLANG_WARN_DEPRECATED_OBJC_IMPLEMENTATIONS = YES;
				CLANG_WARN_DIRECT_OBJC_ISA_USAGE = YES_ERROR;
				CLANG_WARN_DOCUMENTATION_COMMENTS = YES;
				CLANG_WARN_EMPTY_BODY = YES;
				CLANG_WARN_ENUM_CONVERSION = YES;
				CLANG_WARN_INFINITE_RECURSION = YES;
				CLANG_WARN_INT_CONVERSION = YES;
				CLANG_WARN_NON_LITERAL_NULL_CONVERSION = YES;
				CLANG_WARN_OBJC_IMPLICIT_RETAIN_SELF = YES;
				CLANG_WARN_OBJC_LITERAL_CONVERSION = YES;
				CLANG_WARN_OBJC_ROOT_CLASS = YES_ERROR;
				CLANG_WARN_QUOTED_INCLUDE_IN_FRAMEWORK_HEADER = YES;
				CLANG_WARN_RANGE_LOOP_ANALYSIS = YES;
				CLANG_WARN_STRICT_PROTOTYPES = YES;
				CLANG_WARN_SUSPICIOUS_MOVE = YES;
				CLANG_WARN_UNGUARDED_AVAILABILITY = YES_AGGRESSIVE;
				CLANG_WARN_UNREACHABLE_CODE = YES;
				CLANG_WARN__DUPLICATE_METHOD_MATCH = YES;
				COPY_PHASE_STRIP = NO;
				DEBUG_INFORMATION_FORMAT = "dwarf-with-dsym";
				ENABLE_NS_ASSERTIONS = NO;
				ENABLE_STRICT_OBJC_MSGSEND = YES;
				GCC_C_LANGUAGE_STANDARD = gnu11;
				GCC_NO_COMMON_BLOCKS = YES;
				GCC_WARN_64_TO_32_BIT_CONVERSION = YES;
				GCC_WARN_ABOUT_RETURN_TYPE = YES_ERROR;
				GCC_WARN_UNDECLARED_SELECTOR = YES;
				GCC_WARN_UNINITIALIZED_AUTOS = YES_AGGRESSIVE;
				GCC_WARN_UNUSED_FUNCTION = YES;
				GCC_WARN_UNUSED_VARIABLE = YES;
				IPHONEOS_DEPLOYMENT_TARGET = 14.0;
				MTL_ENABLE_DEBUG_INFO = NO;
				MTL_FAST_MATH = YES;
				SDKROOT = iphoneos;
				SWIFT_COMPILATION_MODE = wholemodule;
				SWIFT_OPTIMIZATION_LEVEL = "-O";
				VALIDATE_PRODUCT = YES;
			};
			name = Release;
		};
		E3643C2428895F1A00E694ED /* Debug */ = {
			isa = XCBuildConfiguration;
			buildSettings = {
				ASSETCATALOG_COMPILER_APPICON_NAME = AppIcon;
				ASSETCATALOG_COMPILER_GLOBAL_ACCENT_COLOR_NAME = AccentColor;
				CODE_SIGN_STYLE = Automatic;
				CURRENT_PROJECT_VERSION = 1;
				DEVELOPMENT_ASSET_PATHS = "\"ShopGeekBrains/Preview Content\"";
				DEVELOPMENT_TEAM = HM37P8L339;
				ENABLE_PREVIEWS = YES;
				GENERATE_INFOPLIST_FILE = YES;
				INFOPLIST_KEY_UIApplicationSceneManifest_Generation = YES;
				INFOPLIST_KEY_UIApplicationSupportsIndirectInputEvents = YES;
				INFOPLIST_KEY_UILaunchScreen_Generation = YES;
				INFOPLIST_KEY_UISupportedInterfaceOrientations_iPad = "UIInterfaceOrientationPortrait UIInterfaceOrientationPortraitUpsideDown UIInterfaceOrientationLandscapeLeft UIInterfaceOrientationLandscapeRight";
				INFOPLIST_KEY_UISupportedInterfaceOrientations_iPhone = "UIInterfaceOrientationPortrait UIInterfaceOrientationLandscapeLeft UIInterfaceOrientationLandscapeRight";
				LD_RUNPATH_SEARCH_PATHS = (
					"$(inherited)",
					"@executable_path/Frameworks",
				);
				MARKETING_VERSION = 1.0;
				PRODUCT_BUNDLE_IDENTIFIER = tech.hiwawa.ShopGeekBrains;
				PRODUCT_NAME = "$(TARGET_NAME)";
				SWIFT_EMIT_LOC_STRINGS = YES;
				SWIFT_VERSION = 5.0;
				TARGETED_DEVICE_FAMILY = 1;
			};
			name = Debug;
		};
		E3643C2528895F1A00E694ED /* Release */ = {
			isa = XCBuildConfiguration;
			buildSettings = {
				ASSETCATALOG_COMPILER_APPICON_NAME = AppIcon;
				ASSETCATALOG_COMPILER_GLOBAL_ACCENT_COLOR_NAME = AccentColor;
				CODE_SIGN_STYLE = Automatic;
				CURRENT_PROJECT_VERSION = 1;
				DEVELOPMENT_ASSET_PATHS = "\"ShopGeekBrains/Preview Content\"";
				DEVELOPMENT_TEAM = HM37P8L339;
				ENABLE_PREVIEWS = YES;
				GENERATE_INFOPLIST_FILE = YES;
				INFOPLIST_KEY_UIApplicationSceneManifest_Generation = YES;
				INFOPLIST_KEY_UIApplicationSupportsIndirectInputEvents = YES;
				INFOPLIST_KEY_UILaunchScreen_Generation = YES;
				INFOPLIST_KEY_UISupportedInterfaceOrientations_iPad = "UIInterfaceOrientationPortrait UIInterfaceOrientationPortraitUpsideDown UIInterfaceOrientationLandscapeLeft UIInterfaceOrientationLandscapeRight";
				INFOPLIST_KEY_UISupportedInterfaceOrientations_iPhone = "UIInterfaceOrientationPortrait UIInterfaceOrientationLandscapeLeft UIInterfaceOrientationLandscapeRight";
				LD_RUNPATH_SEARCH_PATHS = (
					"$(inherited)",
					"@executable_path/Frameworks",
				);
				MARKETING_VERSION = 1.0;
				PRODUCT_BUNDLE_IDENTIFIER = tech.hiwawa.ShopGeekBrains;
				PRODUCT_NAME = "$(TARGET_NAME)";
				SWIFT_EMIT_LOC_STRINGS = YES;
				SWIFT_VERSION = 5.0;
				TARGETED_DEVICE_FAMILY = 1;
			};
			name = Release;
		};
/* End XCBuildConfiguration section */

/* Begin XCConfigurationList section */
		E3643C0B28895F1700E694ED /* Build configuration list for PBXProject "ShopGeekBrains" */ = {
			isa = XCConfigurationList;
			buildConfigurations = (
				E3643C2128895F1A00E694ED /* Debug */,
				E3643C2228895F1A00E694ED /* Release */,
			);
			defaultConfigurationIsVisible = 0;
			defaultConfigurationName = Release;
		};
		E3643C2328895F1A00E694ED /* Build configuration list for PBXNativeTarget "ShopGeekBrains" */ = {
			isa = XCConfigurationList;
			buildConfigurations = (
				E3643C2428895F1A00E694ED /* Debug */,
				E3643C2528895F1A00E694ED /* Release */,
			);
			defaultConfigurationIsVisible = 0;
			defaultConfigurationName = Release;
		};
/* End XCConfigurationList section */

/* Begin XCVersionGroup section */
		E3643C1E28895F1A00E694ED /* ShopGeekBrains.xcdatamodeld */ = {
			isa = XCVersionGroup;
			children = (
				E3643C1F28895F1A00E694ED /* ShopGeekBrains.xcdatamodel */,
			);
			currentVersion = E3643C1F28895F1A00E694ED /* ShopGeekBrains.xcdatamodel */;
			path = ShopGeekBrains.xcdatamodeld;
			sourceTree = "<group>";
			versionGroupType = wrapper.xcdatamodel;
		};
/* End XCVersionGroup section */
	};
	rootObject = E3643C0828895F1700E694ED /* Project object */;
}
